// !$*UTF8*$!
{
	archiveVersion = 1;
	classes = {
	};
	objectVersion = 56;
	objects = {

/* Begin PBXBuildFile section */
		B403851E2AE5B56000A6EB62 /* HeightSelectedView.swift in Sources */ = {isa = PBXBuildFile; fileRef = B403851D2AE5B56000A6EB62 /* HeightSelectedView.swift */; };
		B40C52312AFC7DE7008E9561 /* ForgotPasswordView.swift in Sources */ = {isa = PBXBuildFile; fileRef = B40C52302AFC7DE7008E9561 /* ForgotPasswordView.swift */; };
		B40EFABB2AE6F6190074D0FE /* GoalUserView.swift in Sources */ = {isa = PBXBuildFile; fileRef = B40EFABA2AE6F6190074D0FE /* GoalUserView.swift */; };
		B40EFABD2AE72D370074D0FE /* ActivityLabelUserView.swift in Sources */ = {isa = PBXBuildFile; fileRef = B40EFABC2AE72D370074D0FE /* ActivityLabelUserView.swift */; };
		B40EFABF2AE7362E0074D0FE /* ProfileUserView.swift in Sources */ = {isa = PBXBuildFile; fileRef = B40EFABE2AE7362E0074D0FE /* ProfileUserView.swift */; };
		B417DAC42A8860A500A05C95 /* AppFitnexUsingSwiftUIApp.swift in Sources */ = {isa = PBXBuildFile; fileRef = B417DAC32A8860A500A05C95 /* AppFitnexUsingSwiftUIApp.swift */; };
		B417DAC62A8860A500A05C95 /* ContentView.swift in Sources */ = {isa = PBXBuildFile; fileRef = B417DAC52A8860A500A05C95 /* ContentView.swift */; };
		B417DAC82A8860A600A05C95 /* Assets.xcassets in Resources */ = {isa = PBXBuildFile; fileRef = B417DAC72A8860A600A05C95 /* Assets.xcassets */; };
		B417DACB2A8860A600A05C95 /* Preview Assets.xcassets in Resources */ = {isa = PBXBuildFile; fileRef = B417DACA2A8860A600A05C95 /* Preview Assets.xcassets */; };
		B417DAD52A88633A00A05C95 /* OnboardingItemView.swift in Sources */ = {isa = PBXBuildFile; fileRef = B417DAD42A88633A00A05C95 /* OnboardingItemView.swift */; };
		B418C3F12AA93AB100811D9B /* logInService.swift in Sources */ = {isa = PBXBuildFile; fileRef = B418C3F02AA93AB100811D9B /* logInService.swift */; };
		B418C3F42AA9485400811D9B /* APIErrors.swift in Sources */ = {isa = PBXBuildFile; fileRef = B418C3F32AA9485400811D9B /* APIErrors.swift */; };
		B419E7232AA2C38700AFC7E2 /* PasswordTextField.swift in Sources */ = {isa = PBXBuildFile; fileRef = B419E7222AA2C38700AFC7E2 /* PasswordTextField.swift */; };
		B41A823B2ABD140400235289 /* AgePicker.swift in Sources */ = {isa = PBXBuildFile; fileRef = B41A823A2ABD140400235289 /* AgePicker.swift */; };
		B41B8D942AA029260021FF97 /* TextInputToggleView.swift in Sources */ = {isa = PBXBuildFile; fileRef = B41B8D932AA029260021FF97 /* TextInputToggleView.swift */; };
		B41C62D42B3CD56C0008CF22 /* DiscoverView.swift in Sources */ = {isa = PBXBuildFile; fileRef = B41C62D32B3CD56C0008CF22 /* DiscoverView.swift */; };
		B41C62D72B3CF00D0008CF22 /* SearchBar.swift in Sources */ = {isa = PBXBuildFile; fileRef = B41C62D62B3CF00D0008CF22 /* SearchBar.swift */; };
		B41F9D822B32872500F83C82 /* TrainingLevelView.swift in Sources */ = {isa = PBXBuildFile; fileRef = B41F9D812B32872500F83C82 /* TrainingLevelView.swift */; };
		B42394152A8C0A0D007BD9F1 /* SignInView.swift in Sources */ = {isa = PBXBuildFile; fileRef = B42394142A8C0A0D007BD9F1 /* SignInView.swift */; };
		B4281A152AEACFEF006BA8DE /* ImagePickerTwo.swift in Sources */ = {isa = PBXBuildFile; fileRef = B4281A142AEACFEF006BA8DE /* ImagePickerTwo.swift */; };
		B4281A172AEAE881006BA8DE /* PickerView.swift in Sources */ = {isa = PBXBuildFile; fileRef = B4281A162AEAE881006BA8DE /* PickerView.swift */; };
		B430795B2B68331B00C36EE7 /* AppFitnexUsingSwiftUITests.swift in Sources */ = {isa = PBXBuildFile; fileRef = B430795A2B68331B00C36EE7 /* AppFitnexUsingSwiftUITests.swift */; };
		B431BECD2AF077CB000D09A4 /* FlagViewModel.swift in Sources */ = {isa = PBXBuildFile; fileRef = B431BECC2AF077CB000D09A4 /* FlagViewModel.swift */; };
		B433E0322B2E5D2D007EB1BE /* TrainingLabel.swift in Sources */ = {isa = PBXBuildFile; fileRef = B433E0312B2E5D2D007EB1BE /* TrainingLabel.swift */; };
		B433E0342B2E7243007EB1BE /* WorkoutLabelSubView.swift in Sources */ = {isa = PBXBuildFile; fileRef = B433E0332B2E7243007EB1BE /* WorkoutLabelSubView.swift */; };
		B43536A92A9432A000A64CE9 /* ActiveField.swift in Sources */ = {isa = PBXBuildFile; fileRef = B43536A82A9432A000A64CE9 /* ActiveField.swift */; };
		B4371BFD2AAA4FDD00AE11E9 /* TokenModel.swift in Sources */ = {isa = PBXBuildFile; fileRef = B4371BFC2AAA4FDD00AE11E9 /* TokenModel.swift */; };
		B437B59F2AB24F5F006CDA97 /* GenderView.swift in Sources */ = {isa = PBXBuildFile; fileRef = B437B59E2AB24F5F006CDA97 /* GenderView.swift */; };
		B437B5A12AB2999B006CDA97 /* AgeView.swift in Sources */ = {isa = PBXBuildFile; fileRef = B437B5A02AB2999B006CDA97 /* AgeView.swift */; };
		B444F4272AAFF7B40033A89B /* KeychainToKeepTokens.swift in Sources */ = {isa = PBXBuildFile; fileRef = B444F4262AAFF7B40033A89B /* KeychainToKeepTokens.swift */; };
		B44A77172AA58CC300599F11 /* SignInViewModel.swift in Sources */ = {isa = PBXBuildFile; fileRef = B44A77162AA58CC300599F11 /* SignInViewModel.swift */; };
		B44AF9BA2B22BE3100B82411 /* CongratulationView.swift in Sources */ = {isa = PBXBuildFile; fileRef = B44AF9B92B22BE3100B82411 /* CongratulationView.swift */; };
		B44AF9BD2B22C84A00B82411 /* CreateNewPasswordViewModel.swift in Sources */ = {isa = PBXBuildFile; fileRef = B44AF9BC2B22C84A00B82411 /* CreateNewPasswordViewModel.swift */; };
		B44DD75C2B6DA62F00996E0F /* SignInVMTest.swift in Sources */ = {isa = PBXBuildFile; fileRef = B44DD75B2B6DA62F00996E0F /* SignInVMTest.swift */; };
		B44DD75E2B6DA6CC00996E0F /* SignInViewModelProtocol.swift in Sources */ = {isa = PBXBuildFile; fileRef = B44DD75D2B6DA6CC00996E0F /* SignInViewModelProtocol.swift */; };
		B44DD7612B6DCB1500996E0F /* CreateUserTokenMock.swift in Sources */ = {isa = PBXBuildFile; fileRef = B44DD7602B6DCB1500996E0F /* CreateUserTokenMock.swift */; };
		B44E81E82B697F0600A13C08 /* CredentialTest.swift in Sources */ = {isa = PBXBuildFile; fileRef = B44E81E72B697F0600A13C08 /* CredentialTest.swift */; };
		B44E81EA2B698BFA00A13C08 /* TokenTest.swift in Sources */ = {isa = PBXBuildFile; fileRef = B44E81E92B698BFA00A13C08 /* TokenTest.swift */; };
		B44FA2882B08649900D4A8CA /* DigitTextField.swift in Sources */ = {isa = PBXBuildFile; fileRef = B44FA2872B08649900D4A8CA /* DigitTextField.swift */; };
		B453B90E2A95CC9D00CC64D4 /* SignUpViewModel.swift in Sources */ = {isa = PBXBuildFile; fileRef = B453B90D2A95CC9D00CC64D4 /* SignUpViewModel.swift */; };
		B45418FF2ADCBD3100162816 /* WeightView.swift in Sources */ = {isa = PBXBuildFile; fileRef = B45418FE2ADCBD3100162816 /* WeightView.swift */; };
		B45419042ADCC12D00162816 /* CustomPickerWeightViewController.swift in Sources */ = {isa = PBXBuildFile; fileRef = B45419032ADCC12D00162816 /* CustomPickerWeightViewController.swift */; };
		B454AA8D2B1FA46200CF73D8 /* CreateNewPassword.swift in Sources */ = {isa = PBXBuildFile; fileRef = B454AA8C2B1FA46200CF73D8 /* CreateNewPassword.swift */; };
		B45EFB6A2AA460C6003D5772 /* EmailField.swift in Sources */ = {isa = PBXBuildFile; fileRef = B45EFB692AA460C6003D5772 /* EmailField.swift */; };
		B46AAFFA2A8FDEDB006D32A8 /* ButtonView.swift in Sources */ = {isa = PBXBuildFile; fileRef = B46AAFF92A8FDEDB006D32A8 /* ButtonView.swift */; };
		B4719EB32AA104C700A658ED /* LogInView.swift in Sources */ = {isa = PBXBuildFile; fileRef = B4719EB22AA104C700A658ED /* LogInView.swift */; };
		B47851BD2AD4F4AF00F54D93 /* ProtocolPicker.swift in Sources */ = {isa = PBXBuildFile; fileRef = B47851BC2AD4F4AF00F54D93 /* ProtocolPicker.swift */; };
		B47B3ED82CBF72450097E03A /* LaunchScreenThree.storyboard in Resources */ = {isa = PBXBuildFile; fileRef = B47B3ED72CBF72450097E03A /* LaunchScreenThree.storyboard */; };
		B47F41D12CE2829200B6A6CF /* DiscoverViewModel.swift in Sources */ = {isa = PBXBuildFile; fileRef = B47F41D02CE2829200B6A6CF /* DiscoverViewModel.swift */; };
		B48A6ED02A8F3223003DCC3D /* SignUpView.swift in Sources */ = {isa = PBXBuildFile; fileRef = B48A6ECF2A8F3223003DCC3D /* SignUpView.swift */; };
		B48F6BFB2B02F4EC005BA149 /* ResetCodeView.swift in Sources */ = {isa = PBXBuildFile; fileRef = B48F6BFA2B02F4EC005BA149 /* ResetCodeView.swift */; };
		B48FFD222B239CAD007A5F2D /* backgroundGrey.swift in Sources */ = {isa = PBXBuildFile; fileRef = B48FFD212B239CAD007A5F2D /* backgroundGrey.swift */; };
		B490C3172B2924C2000646A2 /* HomeView.swift in Sources */ = {isa = PBXBuildFile; fileRef = B490C3162B2924C2000646A2 /* HomeView.swift */; };
		B4A82F7C2CEB233A0065269A /* SearchBarView.swift in Sources */ = {isa = PBXBuildFile; fileRef = B4A82F7B2CEB233A0065269A /* SearchBarView.swift */; };
		B4B3092E2AE19CAC00D97711 /* WeightSelectedRow.swift in Sources */ = {isa = PBXBuildFile; fileRef = B4B3092D2AE19CAC00D97711 /* WeightSelectedRow.swift */; };
		B4B595152ADF000E00A59559 /* WeightSelectionDelegate.swift in Sources */ = {isa = PBXBuildFile; fileRef = B4B595142ADF000E00A59559 /* WeightSelectionDelegate.swift */; };
		B4B595192ADF050700A59559 /* WeightPicker.swift in Sources */ = {isa = PBXBuildFile; fileRef = B4B595182ADF050700A59559 /* WeightPicker.swift */; };
		B4C48A952B30BD6C0066516F /* DashboardViewTwo.swift in Sources */ = {isa = PBXBuildFile; fileRef = B4C48A942B30BD6C0066516F /* DashboardViewTwo.swift */; };
		B4CA4B742A8B10CD00592575 /* OnboardingItem.swift in Sources */ = {isa = PBXBuildFile; fileRef = B4CA4B732A8B10CD00592575 /* OnboardingItem.swift */; };
		B4CA4B762A8B22BF00592575 /* OnboardingNavigationButton.swift in Sources */ = {isa = PBXBuildFile; fileRef = B4CA4B752A8B22BF00592575 /* OnboardingNavigationButton.swift */; };
		B4D67DFA2B3128EE00E7253F /* MyBookMarkView.swift in Sources */ = {isa = PBXBuildFile; fileRef = B4D67DF92B3128EE00E7253F /* MyBookMarkView.swift */; };
		B4D9786E2AE4A84A00C84762 /* HeightDelegate.swift in Sources */ = {isa = PBXBuildFile; fileRef = B4D9786D2AE4A84A00C84762 /* HeightDelegate.swift */; };
		B4DB116F2AA9513C00037DC5 /* Credential.swift in Sources */ = {isa = PBXBuildFile; fileRef = B4DB116E2AA9513C00037DC5 /* Credential.swift */; };
		B4DDB3892B7FFEED00BBD374 /* LoginService1Test.swift in Sources */ = {isa = PBXBuildFile; fileRef = B4DDB3882B7FFEED00BBD374 /* LoginService1Test.swift */; };
		B4E02BE82B2A389A00C559C3 /* WorkoutLavels.swift in Sources */ = {isa = PBXBuildFile; fileRef = B4E02BE72B2A389A00C559C3 /* WorkoutLavels.swift */; };
		B4E159A22B6ED60E005C37CE /* KeyStorageProtocol.swift in Sources */ = {isa = PBXBuildFile; fileRef = B4E159A12B6ED60E005C37CE /* KeyStorageProtocol.swift */; };
		B4E159A42B6ED6B1005C37CE /* KeyStorageMock.swift in Sources */ = {isa = PBXBuildFile; fileRef = B4E159A32B6ED6B1005C37CE /* KeyStorageMock.swift */; };
		B4E1A0BC2AEED1B6006013F9 /* LadaFlags.swift in Sources */ = {isa = PBXBuildFile; fileRef = B4E1A0BB2AEED1B6006013F9 /* LadaFlags.swift */; };
		B4E1A0BE2AEED2A0006013F9 /* FlagView.swift in Sources */ = {isa = PBXBuildFile; fileRef = B4E1A0BD2AEED2A0006013F9 /* FlagView.swift */; };
		B4E7F63B2B6C1A3E00A8B813 /* LogInServiceProtocol.swift in Sources */ = {isa = PBXBuildFile; fileRef = B4E7F63A2B6C1A3E00A8B813 /* LogInServiceProtocol.swift */; };
		B4EA2C9E2CDC31C300817099 /* HomeViewPictures.swift in Sources */ = {isa = PBXBuildFile; fileRef = B4EA2C9D2CDC31C300817099 /* HomeViewPictures.swift */; };
		B4EEE4222B05AE3C00E04BFD /* ResetCodeViewModel.swift in Sources */ = {isa = PBXBuildFile; fileRef = B4EEE4212B05AE3C00E04BFD /* ResetCodeViewModel.swift */; };
		B4F09ED52AE48F75002E67A3 /* HeightView.swift in Sources */ = {isa = PBXBuildFile; fileRef = B4F09ED42AE48F75002E67A3 /* HeightView.swift */; };
		B4F1F1452AE30DA200276211 /* HeightUserView.swift in Sources */ = {isa = PBXBuildFile; fileRef = B4F1F1442AE30DA200276211 /* HeightUserView.swift */; };
		B4F1F14E2AE33B6800276211 /* CustomPickerHeightViewController.swift in Sources */ = {isa = PBXBuildFile; fileRef = B4F1F14D2AE33B6800276211 /* CustomPickerHeightViewController.swift */; };
		B4F757E22AD3BC5D0013CE1D /* CustomPikerViewController.swift in Sources */ = {isa = PBXBuildFile; fileRef = B4F757E12AD3BC5D0013CE1D /* CustomPikerViewController.swift */; };
		B4F909172A8D973A00AC1B2F /* AppStateManager.swift in Sources */ = {isa = PBXBuildFile; fileRef = B4F909162A8D973A00AC1B2F /* AppStateManager.swift */; };
		B4F9091A2A8D983A00AC1B2F /* AppState.swift in Sources */ = {isa = PBXBuildFile; fileRef = B4F909192A8D983A00AC1B2F /* AppState.swift */; };
		B4F9091C2A8D9AD000AC1B2F /* OnboardingManager.swift in Sources */ = {isa = PBXBuildFile; fileRef = B4F9091B2A8D9AD000AC1B2F /* OnboardingManager.swift */; };
		B4F9091E2A8D9CE500AC1B2F /* AuthManager.swift in Sources */ = {isa = PBXBuildFile; fileRef = B4F9091D2A8D9CE500AC1B2F /* AuthManager.swift */; };
		B4F909202A8DAEAF00AC1B2F /* OnboardingView.swift in Sources */ = {isa = PBXBuildFile; fileRef = B4F9091F2A8DAEAF00AC1B2F /* OnboardingView.swift */; };
		B4FDA0B12B33B3600067B1EC /* RemoveBookmark.swift in Sources */ = {isa = PBXBuildFile; fileRef = B4FDA0B02B33B3600067B1EC /* RemoveBookmark.swift */; };
/* End PBXBuildFile section */

/* Begin PBXContainerItemProxy section */
		B430795C2B68331B00C36EE7 /* PBXContainerItemProxy */ = {
			isa = PBXContainerItemProxy;
			containerPortal = B417DAB82A8860A500A05C95 /* Project object */;
			proxyType = 1;
			remoteGlobalIDString = B417DABF2A8860A500A05C95;
			remoteInfo = AppFitnexUsingSwiftUI;
		};
/* End PBXContainerItemProxy section */

/* Begin PBXFileReference section */
		B403851D2AE5B56000A6EB62 /* HeightSelectedView.swift */ = {isa = PBXFileReference; lastKnownFileType = sourcecode.swift; path = HeightSelectedView.swift; sourceTree = "<group>"; };
		B40C52302AFC7DE7008E9561 /* ForgotPasswordView.swift */ = {isa = PBXFileReference; lastKnownFileType = sourcecode.swift; path = ForgotPasswordView.swift; sourceTree = "<group>"; };
		B40EFABA2AE6F6190074D0FE /* GoalUserView.swift */ = {isa = PBXFileReference; lastKnownFileType = sourcecode.swift; path = GoalUserView.swift; sourceTree = "<group>"; };
		B40EFABC2AE72D370074D0FE /* ActivityLabelUserView.swift */ = {isa = PBXFileReference; lastKnownFileType = sourcecode.swift; path = ActivityLabelUserView.swift; sourceTree = "<group>"; };
		B40EFABE2AE7362E0074D0FE /* ProfileUserView.swift */ = {isa = PBXFileReference; lastKnownFileType = sourcecode.swift; path = ProfileUserView.swift; sourceTree = "<group>"; };
		B417DAC02A8860A500A05C95 /* AppFitnexUsingSwiftUI.app */ = {isa = PBXFileReference; explicitFileType = wrapper.application; includeInIndex = 0; path = AppFitnexUsingSwiftUI.app; sourceTree = BUILT_PRODUCTS_DIR; };
		B417DAC32A8860A500A05C95 /* AppFitnexUsingSwiftUIApp.swift */ = {isa = PBXFileReference; lastKnownFileType = sourcecode.swift; path = AppFitnexUsingSwiftUIApp.swift; sourceTree = "<group>"; };
		B417DAC52A8860A500A05C95 /* ContentView.swift */ = {isa = PBXFileReference; lastKnownFileType = sourcecode.swift; path = ContentView.swift; sourceTree = "<group>"; };
		B417DAC72A8860A600A05C95 /* Assets.xcassets */ = {isa = PBXFileReference; lastKnownFileType = folder.assetcatalog; path = Assets.xcassets; sourceTree = "<group>"; };
		B417DACA2A8860A600A05C95 /* Preview Assets.xcassets */ = {isa = PBXFileReference; lastKnownFileType = folder.assetcatalog; path = "Preview Assets.xcassets"; sourceTree = "<group>"; };
		B417DAD42A88633A00A05C95 /* OnboardingItemView.swift */ = {isa = PBXFileReference; lastKnownFileType = sourcecode.swift; path = OnboardingItemView.swift; sourceTree = "<group>"; };
		B418C3F02AA93AB100811D9B /* logInService.swift */ = {isa = PBXFileReference; lastKnownFileType = sourcecode.swift; path = logInService.swift; sourceTree = "<group>"; };
		B418C3F32AA9485400811D9B /* APIErrors.swift */ = {isa = PBXFileReference; lastKnownFileType = sourcecode.swift; path = APIErrors.swift; sourceTree = "<group>"; };
		B419E7222AA2C38700AFC7E2 /* PasswordTextField.swift */ = {isa = PBXFileReference; lastKnownFileType = sourcecode.swift; path = PasswordTextField.swift; sourceTree = "<group>"; };
		B41A823A2ABD140400235289 /* AgePicker.swift */ = {isa = PBXFileReference; lastKnownFileType = sourcecode.swift; path = AgePicker.swift; sourceTree = "<group>"; };
		B41B8D932AA029260021FF97 /* TextInputToggleView.swift */ = {isa = PBXFileReference; lastKnownFileType = sourcecode.swift; path = TextInputToggleView.swift; sourceTree = "<group>"; };
		B41C62D32B3CD56C0008CF22 /* DiscoverView.swift */ = {isa = PBXFileReference; lastKnownFileType = sourcecode.swift; path = DiscoverView.swift; sourceTree = "<group>"; };
		B41C62D62B3CF00D0008CF22 /* SearchBar.swift */ = {isa = PBXFileReference; lastKnownFileType = sourcecode.swift; path = SearchBar.swift; sourceTree = "<group>"; };
		B41F9D812B32872500F83C82 /* TrainingLevelView.swift */ = {isa = PBXFileReference; lastKnownFileType = sourcecode.swift; path = TrainingLevelView.swift; sourceTree = "<group>"; };
		B42394142A8C0A0D007BD9F1 /* SignInView.swift */ = {isa = PBXFileReference; lastKnownFileType = sourcecode.swift; path = SignInView.swift; sourceTree = "<group>"; };
		B4281A142AEACFEF006BA8DE /* ImagePickerTwo.swift */ = {isa = PBXFileReference; lastKnownFileType = sourcecode.swift; path = ImagePickerTwo.swift; sourceTree = "<group>"; };
		B4281A162AEAE881006BA8DE /* PickerView.swift */ = {isa = PBXFileReference; lastKnownFileType = sourcecode.swift; path = PickerView.swift; sourceTree = "<group>"; };
		B43079582B68331B00C36EE7 /* AppFitnexUsingSwiftUITests.xctest */ = {isa = PBXFileReference; explicitFileType = wrapper.cfbundle; includeInIndex = 0; path = AppFitnexUsingSwiftUITests.xctest; sourceTree = BUILT_PRODUCTS_DIR; };
		B430795A2B68331B00C36EE7 /* AppFitnexUsingSwiftUITests.swift */ = {isa = PBXFileReference; lastKnownFileType = sourcecode.swift; path = AppFitnexUsingSwiftUITests.swift; sourceTree = "<group>"; };
		B431BECC2AF077CB000D09A4 /* FlagViewModel.swift */ = {isa = PBXFileReference; lastKnownFileType = sourcecode.swift; path = FlagViewModel.swift; sourceTree = "<group>"; };
		B433E0312B2E5D2D007EB1BE /* TrainingLabel.swift */ = {isa = PBXFileReference; lastKnownFileType = sourcecode.swift; path = TrainingLabel.swift; sourceTree = "<group>"; };
		B433E0332B2E7243007EB1BE /* WorkoutLabelSubView.swift */ = {isa = PBXFileReference; lastKnownFileType = sourcecode.swift; path = WorkoutLabelSubView.swift; sourceTree = "<group>"; };
		B43536A82A9432A000A64CE9 /* ActiveField.swift */ = {isa = PBXFileReference; lastKnownFileType = sourcecode.swift; path = ActiveField.swift; sourceTree = "<group>"; };
		B4371BFC2AAA4FDD00AE11E9 /* TokenModel.swift */ = {isa = PBXFileReference; lastKnownFileType = sourcecode.swift; path = TokenModel.swift; sourceTree = "<group>"; };
		B437B59E2AB24F5F006CDA97 /* GenderView.swift */ = {isa = PBXFileReference; lastKnownFileType = sourcecode.swift; path = GenderView.swift; sourceTree = "<group>"; };
		B437B5A02AB2999B006CDA97 /* AgeView.swift */ = {isa = PBXFileReference; lastKnownFileType = sourcecode.swift; path = AgeView.swift; sourceTree = "<group>"; tabWidth = 4; };
		B444F4262AAFF7B40033A89B /* KeychainToKeepTokens.swift */ = {isa = PBXFileReference; lastKnownFileType = sourcecode.swift; path = KeychainToKeepTokens.swift; sourceTree = "<group>"; };
		B44A77162AA58CC300599F11 /* SignInViewModel.swift */ = {isa = PBXFileReference; lastKnownFileType = sourcecode.swift; path = SignInViewModel.swift; sourceTree = "<group>"; };
		B44AF9B92B22BE3100B82411 /* CongratulationView.swift */ = {isa = PBXFileReference; lastKnownFileType = sourcecode.swift; path = CongratulationView.swift; sourceTree = "<group>"; };
		B44AF9BC2B22C84A00B82411 /* CreateNewPasswordViewModel.swift */ = {isa = PBXFileReference; lastKnownFileType = sourcecode.swift; path = CreateNewPasswordViewModel.swift; sourceTree = "<group>"; };
		B44DD75B2B6DA62F00996E0F /* SignInVMTest.swift */ = {isa = PBXFileReference; lastKnownFileType = sourcecode.swift; path = SignInVMTest.swift; sourceTree = "<group>"; };
		B44DD75D2B6DA6CC00996E0F /* SignInViewModelProtocol.swift */ = {isa = PBXFileReference; lastKnownFileType = sourcecode.swift; path = SignInViewModelProtocol.swift; sourceTree = "<group>"; };
		B44DD7602B6DCB1500996E0F /* CreateUserTokenMock.swift */ = {isa = PBXFileReference; lastKnownFileType = sourcecode.swift; path = CreateUserTokenMock.swift; sourceTree = "<group>"; };
		B44E81E72B697F0600A13C08 /* CredentialTest.swift */ = {isa = PBXFileReference; lastKnownFileType = sourcecode.swift; path = CredentialTest.swift; sourceTree = "<group>"; };
		B44E81E92B698BFA00A13C08 /* TokenTest.swift */ = {isa = PBXFileReference; lastKnownFileType = sourcecode.swift; path = TokenTest.swift; sourceTree = "<group>"; };
		B44FA2872B08649900D4A8CA /* DigitTextField.swift */ = {isa = PBXFileReference; lastKnownFileType = sourcecode.swift; path = DigitTextField.swift; sourceTree = "<group>"; };
		B453B90D2A95CC9D00CC64D4 /* SignUpViewModel.swift */ = {isa = PBXFileReference; lastKnownFileType = sourcecode.swift; path = SignUpViewModel.swift; sourceTree = "<group>"; };
		B45418FE2ADCBD3100162816 /* WeightView.swift */ = {isa = PBXFileReference; lastKnownFileType = sourcecode.swift; path = WeightView.swift; sourceTree = "<group>"; };
		B45419032ADCC12D00162816 /* CustomPickerWeightViewController.swift */ = {isa = PBXFileReference; lastKnownFileType = sourcecode.swift; path = CustomPickerWeightViewController.swift; sourceTree = "<group>"; };
		B454AA8C2B1FA46200CF73D8 /* CreateNewPassword.swift */ = {isa = PBXFileReference; lastKnownFileType = sourcecode.swift; path = CreateNewPassword.swift; sourceTree = "<group>"; };
		B45EFB692AA460C6003D5772 /* EmailField.swift */ = {isa = PBXFileReference; lastKnownFileType = sourcecode.swift; path = EmailField.swift; sourceTree = "<group>"; };
		B46AAFF92A8FDEDB006D32A8 /* ButtonView.swift */ = {isa = PBXFileReference; lastKnownFileType = sourcecode.swift; path = ButtonView.swift; sourceTree = "<group>"; };
		B4719EB22AA104C700A658ED /* LogInView.swift */ = {isa = PBXFileReference; lastKnownFileType = sourcecode.swift; path = LogInView.swift; sourceTree = "<group>"; };
		B47851BC2AD4F4AF00F54D93 /* ProtocolPicker.swift */ = {isa = PBXFileReference; lastKnownFileType = sourcecode.swift; path = ProtocolPicker.swift; sourceTree = "<group>"; };
		B47B3ED72CBF72450097E03A /* LaunchScreenThree.storyboard */ = {isa = PBXFileReference; lastKnownFileType = file.storyboard; path = LaunchScreenThree.storyboard; sourceTree = "<group>"; };
		B47B3ED92CBF756E0097E03A /* Info.plist */ = {isa = PBXFileReference; lastKnownFileType = text.plist; path = Info.plist; sourceTree = "<group>"; };
		B47F41D02CE2829200B6A6CF /* DiscoverViewModel.swift */ = {isa = PBXFileReference; lastKnownFileType = sourcecode.swift; path = DiscoverViewModel.swift; sourceTree = "<group>"; };
		B48A6ECF2A8F3223003DCC3D /* SignUpView.swift */ = {isa = PBXFileReference; lastKnownFileType = sourcecode.swift; path = SignUpView.swift; sourceTree = "<group>"; };
		B48F6BFA2B02F4EC005BA149 /* ResetCodeView.swift */ = {isa = PBXFileReference; lastKnownFileType = sourcecode.swift; path = ResetCodeView.swift; sourceTree = "<group>"; };
		B48FFD212B239CAD007A5F2D /* backgroundGrey.swift */ = {isa = PBXFileReference; lastKnownFileType = sourcecode.swift; path = backgroundGrey.swift; sourceTree = "<group>"; };
		B490C3162B2924C2000646A2 /* HomeView.swift */ = {isa = PBXFileReference; lastKnownFileType = sourcecode.swift; path = HomeView.swift; sourceTree = "<group>"; };
		B4A82F7B2CEB233A0065269A /* SearchBarView.swift */ = {isa = PBXFileReference; lastKnownFileType = sourcecode.swift; path = SearchBarView.swift; sourceTree = "<group>"; };
		B4B3092D2AE19CAC00D97711 /* WeightSelectedRow.swift */ = {isa = PBXFileReference; lastKnownFileType = sourcecode.swift; path = WeightSelectedRow.swift; sourceTree = "<group>"; };
		B4B595142ADF000E00A59559 /* WeightSelectionDelegate.swift */ = {isa = PBXFileReference; lastKnownFileType = sourcecode.swift; path = WeightSelectionDelegate.swift; sourceTree = "<group>"; };
		B4B595182ADF050700A59559 /* WeightPicker.swift */ = {isa = PBXFileReference; lastKnownFileType = sourcecode.swift; path = WeightPicker.swift; sourceTree = "<group>"; };
		B4C48A942B30BD6C0066516F /* DashboardViewTwo.swift */ = {isa = PBXFileReference; lastKnownFileType = sourcecode.swift; path = DashboardViewTwo.swift; sourceTree = "<group>"; };
		B4CA4B732A8B10CD00592575 /* OnboardingItem.swift */ = {isa = PBXFileReference; lastKnownFileType = sourcecode.swift; path = OnboardingItem.swift; sourceTree = "<group>"; };
		B4CA4B752A8B22BF00592575 /* OnboardingNavigationButton.swift */ = {isa = PBXFileReference; lastKnownFileType = sourcecode.swift; path = OnboardingNavigationButton.swift; sourceTree = "<group>"; };
		B4D67DF92B3128EE00E7253F /* MyBookMarkView.swift */ = {isa = PBXFileReference; lastKnownFileType = sourcecode.swift; path = MyBookMarkView.swift; sourceTree = "<group>"; };
		B4D9786D2AE4A84A00C84762 /* HeightDelegate.swift */ = {isa = PBXFileReference; lastKnownFileType = sourcecode.swift; path = HeightDelegate.swift; sourceTree = "<group>"; };
		B4DB116E2AA9513C00037DC5 /* Credential.swift */ = {isa = PBXFileReference; lastKnownFileType = sourcecode.swift; path = Credential.swift; sourceTree = "<group>"; };
		B4DDB3882B7FFEED00BBD374 /* LoginService1Test.swift */ = {isa = PBXFileReference; lastKnownFileType = sourcecode.swift; path = LoginService1Test.swift; sourceTree = "<group>"; };
		B4E02BE72B2A389A00C559C3 /* WorkoutLavels.swift */ = {isa = PBXFileReference; lastKnownFileType = sourcecode.swift; path = WorkoutLavels.swift; sourceTree = "<group>"; };
		B4E159A12B6ED60E005C37CE /* KeyStorageProtocol.swift */ = {isa = PBXFileReference; lastKnownFileType = sourcecode.swift; path = KeyStorageProtocol.swift; sourceTree = "<group>"; };
		B4E159A32B6ED6B1005C37CE /* KeyStorageMock.swift */ = {isa = PBXFileReference; lastKnownFileType = sourcecode.swift; path = KeyStorageMock.swift; sourceTree = "<group>"; };
		B4E1A0BB2AEED1B6006013F9 /* LadaFlags.swift */ = {isa = PBXFileReference; lastKnownFileType = sourcecode.swift; path = LadaFlags.swift; sourceTree = "<group>"; };
		B4E1A0BD2AEED2A0006013F9 /* FlagView.swift */ = {isa = PBXFileReference; lastKnownFileType = sourcecode.swift; path = FlagView.swift; sourceTree = "<group>"; };
		B4E7F63A2B6C1A3E00A8B813 /* LogInServiceProtocol.swift */ = {isa = PBXFileReference; lastKnownFileType = sourcecode.swift; path = LogInServiceProtocol.swift; sourceTree = "<group>"; };
		B4EA2C9D2CDC31C300817099 /* HomeViewPictures.swift */ = {isa = PBXFileReference; lastKnownFileType = sourcecode.swift; path = HomeViewPictures.swift; sourceTree = "<group>"; };
		B4EEE4212B05AE3C00E04BFD /* ResetCodeViewModel.swift */ = {isa = PBXFileReference; lastKnownFileType = sourcecode.swift; path = ResetCodeViewModel.swift; sourceTree = "<group>"; };
		B4F09ED42AE48F75002E67A3 /* HeightView.swift */ = {isa = PBXFileReference; lastKnownFileType = sourcecode.swift; path = HeightView.swift; sourceTree = "<group>"; };
		B4F1F1442AE30DA200276211 /* HeightUserView.swift */ = {isa = PBXFileReference; lastKnownFileType = sourcecode.swift; path = HeightUserView.swift; sourceTree = "<group>"; };
		B4F1F14D2AE33B6800276211 /* CustomPickerHeightViewController.swift */ = {isa = PBXFileReference; lastKnownFileType = sourcecode.swift; path = CustomPickerHeightViewController.swift; sourceTree = "<group>"; };
		B4F757E12AD3BC5D0013CE1D /* CustomPikerViewController.swift */ = {isa = PBXFileReference; lastKnownFileType = sourcecode.swift; path = CustomPikerViewController.swift; sourceTree = "<group>"; };
		B4F909162A8D973A00AC1B2F /* AppStateManager.swift */ = {isa = PBXFileReference; lastKnownFileType = sourcecode.swift; path = AppStateManager.swift; sourceTree = "<group>"; };
		B4F909192A8D983A00AC1B2F /* AppState.swift */ = {isa = PBXFileReference; lastKnownFileType = sourcecode.swift; path = AppState.swift; sourceTree = "<group>"; };
		B4F9091B2A8D9AD000AC1B2F /* OnboardingManager.swift */ = {isa = PBXFileReference; lastKnownFileType = sourcecode.swift; path = OnboardingManager.swift; sourceTree = "<group>"; };
		B4F9091D2A8D9CE500AC1B2F /* AuthManager.swift */ = {isa = PBXFileReference; lastKnownFileType = sourcecode.swift; path = AuthManager.swift; sourceTree = "<group>"; };
		B4F9091F2A8DAEAF00AC1B2F /* OnboardingView.swift */ = {isa = PBXFileReference; lastKnownFileType = sourcecode.swift; path = OnboardingView.swift; sourceTree = "<group>"; };
		B4FDA0B02B33B3600067B1EC /* RemoveBookmark.swift */ = {isa = PBXFileReference; lastKnownFileType = sourcecode.swift; path = RemoveBookmark.swift; sourceTree = "<group>"; };
/* End PBXFileReference section */

/* Begin PBXFrameworksBuildPhase section */
		B417DABD2A8860A500A05C95 /* Frameworks */ = {
			isa = PBXFrameworksBuildPhase;
			buildActionMask = 2147483647;
			files = (
			);
			runOnlyForDeploymentPostprocessing = 0;
		};
		B43079552B68331B00C36EE7 /* Frameworks */ = {
			isa = PBXFrameworksBuildPhase;
			buildActionMask = 2147483647;
			files = (
			);
			runOnlyForDeploymentPostprocessing = 0;
		};
/* End PBXFrameworksBuildPhase section */

/* Begin PBXGroup section */
		B40C522F2AFC7D85008E9561 /* ForgotPassword */ = {
			isa = PBXGroup;
			children = (
				B40C52302AFC7DE7008E9561 /* ForgotPasswordView.swift */,
				B48F6BFA2B02F4EC005BA149 /* ResetCodeView.swift */,
				B44FA2872B08649900D4A8CA /* DigitTextField.swift */,
			);
			path = ForgotPassword;
			sourceTree = "<group>";
		};
		B417DAB72A8860A500A05C95 = {
			isa = PBXGroup;
			children = (
				B417DAC22A8860A500A05C95 /* AppFitnexUsingSwiftUI */,
				B43079592B68331B00C36EE7 /* AppFitnexUsingSwiftUITests */,
				B417DAC12A8860A500A05C95 /* Products */,
			);
			sourceTree = "<group>";
		};
		B417DAC12A8860A500A05C95 /* Products */ = {
			isa = PBXGroup;
			children = (
				B417DAC02A8860A500A05C95 /* AppFitnexUsingSwiftUI.app */,
				B43079582B68331B00C36EE7 /* AppFitnexUsingSwiftUITests.xctest */,
			);
			name = Products;
			sourceTree = "<group>";
		};
		B417DAC22A8860A500A05C95 /* AppFitnexUsingSwiftUI */ = {
			isa = PBXGroup;
			children = (
				B47B3ED92CBF756E0097E03A /* Info.plist */,
				B44DD75F2B6DCAF500996E0F /* Mocks */,
				B44E81EB2B69DDA300A13C08 /* UseCases */,
				B4B5951A2ADF3FFC00A59559 /* Extension */,
				B47851BB2AD4F44000F54D93 /* Protocols */,
				B444F4252AAFF7450033A89B /* Keychain */,
				B418C3F22AA93D5E00811D9B /* URLs */,
				B418C3EF2AA93A1000811D9B /* Services */,
				B4F909182A8D97F000AC1B2F /* Enums */,
				B4F909152A8D970B00AC1B2F /* Managers */,
				B4CA4B722A8B0F3300592575 /* ViewModels */,
				B4CA4B712A8B0F1E00592575 /* Modelos */,
				B417DAD12A88620300A05C95 /* Views */,
				B417DAC32A8860A500A05C95 /* AppFitnexUsingSwiftUIApp.swift */,
				B417DAC72A8860A600A05C95 /* Assets.xcassets */,
				B417DAC92A8860A600A05C95 /* Preview Content */,
				B47B3ED72CBF72450097E03A /* LaunchScreenThree.storyboard */,
			);
			path = AppFitnexUsingSwiftUI;
			sourceTree = "<group>";
		};
		B417DAC92A8860A600A05C95 /* Preview Content */ = {
			isa = PBXGroup;
			children = (
				B417DACA2A8860A600A05C95 /* Preview Assets.xcassets */,
			);
			path = "Preview Content";
			sourceTree = "<group>";
		};
		B417DAD12A88620300A05C95 /* Views */ = {
			isa = PBXGroup;
			children = (
				B41C62D22B3CD52F0008CF22 /* Discover */,
				B490C3142B29231D000646A2 /* HomeView */,
				B454AA8B2B1FA3D500CF73D8 /* Create a new password */,
				B40C522F2AFC7D85008E9561 /* ForgotPassword */,
				B45EFB682AA45FFD003D5772 /* Fields */,
				B49FE8F62A97F18300493ABE /* LogIn */,
				B46AAFF82A8FDEBA006D32A8 /* Buttons */,
				B48A6ECE2A8F3182003DCC3D /* SignUpView */,
				B42394122A8C0761007BD9F1 /* OnboardingView */,
				B42394132A8C09CF007BD9F1 /* SignInView */,
				B417DAC52A8860A500A05C95 /* ContentView.swift */,
			);
			path = Views;
			sourceTree = "<group>";
		};
		B418C3EF2AA93A1000811D9B /* Services */ = {
			isa = PBXGroup;
			children = (
				B418C3F02AA93AB100811D9B /* logInService.swift */,
			);
			path = Services;
			sourceTree = "<group>";
		};
		B418C3F22AA93D5E00811D9B /* URLs */ = {
			isa = PBXGroup;
			children = (
			);
			path = URLs;
			sourceTree = "<group>";
		};
		B41A82372ABCE50800235289 /* CustomPickerAgeView */ = {
			isa = PBXGroup;
			children = (
				B41A823A2ABD140400235289 /* AgePicker.swift */,
				B4F757E12AD3BC5D0013CE1D /* CustomPikerViewController.swift */,
			);
			path = CustomPickerAgeView;
			sourceTree = "<group>";
		};
		B41C62D22B3CD52F0008CF22 /* Discover */ = {
			isa = PBXGroup;
			children = (
				B41C62D52B3CEFE30008CF22 /* SearchBar */,
				B41C62D32B3CD56C0008CF22 /* DiscoverView.swift */,
				B4A82F7B2CEB233A0065269A /* SearchBarView.swift */,
			);
			path = Discover;
			sourceTree = "<group>";
		};
		B41C62D52B3CEFE30008CF22 /* SearchBar */ = {
			isa = PBXGroup;
			children = (
				B41C62D62B3CF00D0008CF22 /* SearchBar.swift */,
			);
			path = SearchBar;
			sourceTree = "<group>";
		};
		B42394122A8C0761007BD9F1 /* OnboardingView */ = {
			isa = PBXGroup;
			children = (
				B4CA4B752A8B22BF00592575 /* OnboardingNavigationButton.swift */,
				B417DAD42A88633A00A05C95 /* OnboardingItemView.swift */,
				B4F9091F2A8DAEAF00AC1B2F /* OnboardingView.swift */,
			);
			path = OnboardingView;
			sourceTree = "<group>";
		};
		B42394132A8C09CF007BD9F1 /* SignInView */ = {
			isa = PBXGroup;
			children = (
				B42394142A8C0A0D007BD9F1 /* SignInView.swift */,
			);
			path = SignInView;
			sourceTree = "<group>";
		};
		B4281A132AEACF1F006BA8DE /* ImagePicker */ = {
			isa = PBXGroup;
			children = (
				B4281A142AEACFEF006BA8DE /* ImagePickerTwo.swift */,
				B4281A162AEAE881006BA8DE /* PickerView.swift */,
			);
			path = ImagePicker;
			sourceTree = "<group>";
		};
		B43079592B68331B00C36EE7 /* AppFitnexUsingSwiftUITests */ = {
			isa = PBXGroup;
			children = (
				B44E81E62B697D4F00A13C08 /* Keychain */,
				B44E81E72B697F0600A13C08 /* CredentialTest.swift */,
				B44E81E92B698BFA00A13C08 /* TokenTest.swift */,
				B44DD75B2B6DA62F00996E0F /* SignInVMTest.swift */,
				B4DDB3882B7FFEED00BBD374 /* LoginService1Test.swift */,
			);
			path = AppFitnexUsingSwiftUITests;
			sourceTree = "<group>";
		};
		B437B59D2AB249DC006CDA97 /* UserForm */ = {
			isa = PBXGroup;
			children = (
				B4E1A0BF2AEED2BA006013F9 /* flag */,
				B4281A132AEACF1F006BA8DE /* ImagePicker */,
				B4F1F1462AE338E700276211 /* CustomPickerHeight */,
				B45419002ADCC01700162816 /* CustomPickerWeight */,
				B41A82372ABCE50800235289 /* CustomPickerAgeView */,
				B437B59E2AB24F5F006CDA97 /* GenderView.swift */,
				B437B5A02AB2999B006CDA97 /* AgeView.swift */,
				B45418FE2ADCBD3100162816 /* WeightView.swift */,
				B4F1F1442AE30DA200276211 /* HeightUserView.swift */,
				B40EFABA2AE6F6190074D0FE /* GoalUserView.swift */,
				B40EFABC2AE72D370074D0FE /* ActivityLabelUserView.swift */,
				B40EFABE2AE7362E0074D0FE /* ProfileUserView.swift */,
			);
			path = UserForm;
			sourceTree = "<group>";
		};
		B444F4252AAFF7450033A89B /* Keychain */ = {
			isa = PBXGroup;
			children = (
				B444F4262AAFF7B40033A89B /* KeychainToKeepTokens.swift */,
			);
			path = Keychain;
			sourceTree = "<group>";
		};
		B44AF9BB2B22C7B900B82411 /* CreateNewPasswordModel */ = {
			isa = PBXGroup;
			children = (
				B44AF9BC2B22C84A00B82411 /* CreateNewPasswordViewModel.swift */,
			);
			path = CreateNewPasswordModel;
			sourceTree = "<group>";
		};
		B44DD75F2B6DCAF500996E0F /* Mocks */ = {
			isa = PBXGroup;
			children = (
				B44DD7602B6DCB1500996E0F /* CreateUserTokenMock.swift */,
				B4E159A32B6ED6B1005C37CE /* KeyStorageMock.swift */,
			);
			path = Mocks;
			sourceTree = "<group>";
		};
		B44E81E62B697D4F00A13C08 /* Keychain */ = {
			isa = PBXGroup;
			children = (
				B430795A2B68331B00C36EE7 /* AppFitnexUsingSwiftUITests.swift */,
			);
			path = Keychain;
			sourceTree = "<group>";
		};
		B44E81EB2B69DDA300A13C08 /* UseCases */ = {
			isa = PBXGroup;
			children = (
			);
			path = UseCases;
			sourceTree = "<group>";
		};
		B45419002ADCC01700162816 /* CustomPickerWeight */ = {
			isa = PBXGroup;
			children = (
				B45419032ADCC12D00162816 /* CustomPickerWeightViewController.swift */,
				B4B595182ADF050700A59559 /* WeightPicker.swift */,
				B4B3092D2AE19CAC00D97711 /* WeightSelectedRow.swift */,
			);
			path = CustomPickerWeight;
			sourceTree = "<group>";
		};
		B454AA8B2B1FA3D500CF73D8 /* Create a new password */ = {
			isa = PBXGroup;
			children = (
				B454AA8C2B1FA46200CF73D8 /* CreateNewPassword.swift */,
				B44AF9B92B22BE3100B82411 /* CongratulationView.swift */,
				B48FFD212B239CAD007A5F2D /* backgroundGrey.swift */,
			);
			path = "Create a new password";
			sourceTree = "<group>";
		};
		B45EFB682AA45FFD003D5772 /* Fields */ = {
			isa = PBXGroup;
			children = (
				B45EFB692AA460C6003D5772 /* EmailField.swift */,
			);
			path = Fields;
			sourceTree = "<group>";
		};
		B46AAFF82A8FDEBA006D32A8 /* Buttons */ = {
			isa = PBXGroup;
			children = (
				B46AAFF92A8FDEDB006D32A8 /* ButtonView.swift */,
			);
			path = Buttons;
			sourceTree = "<group>";
		};
		B47851BB2AD4F44000F54D93 /* Protocols */ = {
			isa = PBXGroup;
			children = (
				B47851BC2AD4F4AF00F54D93 /* ProtocolPicker.swift */,
				B4B595142ADF000E00A59559 /* WeightSelectionDelegate.swift */,
				B4D9786D2AE4A84A00C84762 /* HeightDelegate.swift */,
				B4E7F63A2B6C1A3E00A8B813 /* LogInServiceProtocol.swift */,
				B44DD75D2B6DA6CC00996E0F /* SignInViewModelProtocol.swift */,
				B4E159A12B6ED60E005C37CE /* KeyStorageProtocol.swift */,
			);
			path = Protocols;
			sourceTree = "<group>";
		};
		B48A6ECE2A8F3182003DCC3D /* SignUpView */ = {
			isa = PBXGroup;
			children = (
				B437B59D2AB249DC006CDA97 /* UserForm */,
				B48A6ECF2A8F3223003DCC3D /* SignUpView.swift */,
				B41B8D932AA029260021FF97 /* TextInputToggleView.swift */,
				B419E7222AA2C38700AFC7E2 /* PasswordTextField.swift */,
			);
			path = SignUpView;
			sourceTree = "<group>";
		};
		B490C3142B29231D000646A2 /* HomeView */ = {
			isa = PBXGroup;
			children = (
				B490C3162B2924C2000646A2 /* HomeView.swift */,
				B4E02BE72B2A389A00C559C3 /* WorkoutLavels.swift */,
				B433E0332B2E7243007EB1BE /* WorkoutLabelSubView.swift */,
				B4C48A942B30BD6C0066516F /* DashboardViewTwo.swift */,
				B4D67DF92B3128EE00E7253F /* MyBookMarkView.swift */,
				B41F9D812B32872500F83C82 /* TrainingLevelView.swift */,
				B4FDA0B02B33B3600067B1EC /* RemoveBookmark.swift */,
			);
			path = HomeView;
			sourceTree = "<group>";
		};
		B49FE8F62A97F18300493ABE /* LogIn */ = {
			isa = PBXGroup;
			children = (
				B4719EB22AA104C700A658ED /* LogInView.swift */,
			);
			path = LogIn;
			sourceTree = "<group>";
		};
		B4B5951A2ADF3FFC00A59559 /* Extension */ = {
			isa = PBXGroup;
			children = (
			);
			path = Extension;
			sourceTree = "<group>";
		};
		B4CA4B712A8B0F1E00592575 /* Modelos */ = {
			isa = PBXGroup;
			children = (
				B4CA4B732A8B10CD00592575 /* OnboardingItem.swift */,
				B4DB116E2AA9513C00037DC5 /* Credential.swift */,
				B4371BFC2AAA4FDD00AE11E9 /* TokenModel.swift */,
				B4E1A0BB2AEED1B6006013F9 /* LadaFlags.swift */,
				B4EA2C9D2CDC31C300817099 /* HomeViewPictures.swift */,
			);
			path = Modelos;
			sourceTree = "<group>";
		};
		B4CA4B722A8B0F3300592575 /* ViewModels */ = {
			isa = PBXGroup;
			children = (
				B44AF9BB2B22C7B900B82411 /* CreateNewPasswordModel */,
				B4EEE4202B05ADEC00E04BFD /* ForgotPasswordViewModel */,
				B453B90D2A95CC9D00CC64D4 /* SignUpViewModel.swift */,
				B44A77162AA58CC300599F11 /* SignInViewModel.swift */,
				B431BECC2AF077CB000D09A4 /* FlagViewModel.swift */,
				B47F41D02CE2829200B6A6CF /* DiscoverViewModel.swift */,
			);
			path = ViewModels;
			sourceTree = "<group>";
		};
		B4E1A0BF2AEED2BA006013F9 /* flag */ = {
			isa = PBXGroup;
			children = (
				B4E1A0BD2AEED2A0006013F9 /* FlagView.swift */,
			);
			path = flag;
			sourceTree = "<group>";
		};
		B4EEE4202B05ADEC00E04BFD /* ForgotPasswordViewModel */ = {
			isa = PBXGroup;
			children = (
				B4EEE4212B05AE3C00E04BFD /* ResetCodeViewModel.swift */,
			);
			path = ForgotPasswordViewModel;
			sourceTree = "<group>";
		};
		B4F1F1462AE338E700276211 /* CustomPickerHeight */ = {
			isa = PBXGroup;
			children = (
				B4F1F14D2AE33B6800276211 /* CustomPickerHeightViewController.swift */,
				B4F09ED42AE48F75002E67A3 /* HeightView.swift */,
				B403851D2AE5B56000A6EB62 /* HeightSelectedView.swift */,
			);
			path = CustomPickerHeight;
			sourceTree = "<group>";
		};
		B4F909152A8D970B00AC1B2F /* Managers */ = {
			isa = PBXGroup;
			children = (
				B4F909162A8D973A00AC1B2F /* AppStateManager.swift */,
				B4F9091B2A8D9AD000AC1B2F /* OnboardingManager.swift */,
				B4F9091D2A8D9CE500AC1B2F /* AuthManager.swift */,
			);
			path = Managers;
			sourceTree = "<group>";
		};
		B4F909182A8D97F000AC1B2F /* Enums */ = {
			isa = PBXGroup;
			children = (
				B4F909192A8D983A00AC1B2F /* AppState.swift */,
				B43536A82A9432A000A64CE9 /* ActiveField.swift */,
				B418C3F32AA9485400811D9B /* APIErrors.swift */,
				B433E0312B2E5D2D007EB1BE /* TrainingLabel.swift */,
			);
			path = Enums;
			sourceTree = "<group>";
		};
/* End PBXGroup section */

/* Begin PBXNativeTarget section */
		B417DABF2A8860A500A05C95 /* AppFitnexUsingSwiftUI */ = {
			isa = PBXNativeTarget;
			buildConfigurationList = B417DACE2A8860A600A05C95 /* Build configuration list for PBXNativeTarget "AppFitnexUsingSwiftUI" */;
			buildPhases = (
				B417DABC2A8860A500A05C95 /* Sources */,
				B417DABD2A8860A500A05C95 /* Frameworks */,
				B417DABE2A8860A500A05C95 /* Resources */,
			);
			buildRules = (
			);
			dependencies = (
			);
			name = AppFitnexUsingSwiftUI;
			productName = AppFitnexUsingSwiftUI;
			productReference = B417DAC02A8860A500A05C95 /* AppFitnexUsingSwiftUI.app */;
			productType = "com.apple.product-type.application";
		};
		B43079572B68331B00C36EE7 /* AppFitnexUsingSwiftUITests */ = {
			isa = PBXNativeTarget;
			buildConfigurationList = B43079602B68331B00C36EE7 /* Build configuration list for PBXNativeTarget "AppFitnexUsingSwiftUITests" */;
			buildPhases = (
				B43079542B68331B00C36EE7 /* Sources */,
				B43079552B68331B00C36EE7 /* Frameworks */,
				B43079562B68331B00C36EE7 /* Resources */,
			);
			buildRules = (
			);
			dependencies = (
				B430795D2B68331B00C36EE7 /* PBXTargetDependency */,
			);
			name = AppFitnexUsingSwiftUITests;
			productName = AppFitnexUsingSwiftUITests;
			productReference = B43079582B68331B00C36EE7 /* AppFitnexUsingSwiftUITests.xctest */;
			productType = "com.apple.product-type.bundle.unit-test";
		};
/* End PBXNativeTarget section */

/* Begin PBXProject section */
		B417DAB82A8860A500A05C95 /* Project object */ = {
			isa = PBXProject;
			attributes = {
				BuildIndependentTargetsInParallel = 1;
				LastSwiftUpdateCheck = 1520;
				LastUpgradeCheck = 1430;
				TargetAttributes = {
					B417DABF2A8860A500A05C95 = {
						CreatedOnToolsVersion = 14.3.1;
					};
					B43079572B68331B00C36EE7 = {
						CreatedOnToolsVersion = 15.2;
						TestTargetID = B417DABF2A8860A500A05C95;
					};
				};
			};
			buildConfigurationList = B417DABB2A8860A500A05C95 /* Build configuration list for PBXProject "AppFitnexUsingSwiftUI" */;
			compatibilityVersion = "Xcode 14.0";
			developmentRegion = en;
			hasScannedForEncodings = 0;
			knownRegions = (
				en,
				Base,
			);
			mainGroup = B417DAB72A8860A500A05C95;
			productRefGroup = B417DAC12A8860A500A05C95 /* Products */;
			projectDirPath = "";
			projectRoot = "";
			targets = (
				B417DABF2A8860A500A05C95 /* AppFitnexUsingSwiftUI */,
				B43079572B68331B00C36EE7 /* AppFitnexUsingSwiftUITests */,
			);
		};
/* End PBXProject section */

/* Begin PBXResourcesBuildPhase section */
		B417DABE2A8860A500A05C95 /* Resources */ = {
			isa = PBXResourcesBuildPhase;
			buildActionMask = 2147483647;
			files = (
				B417DACB2A8860A600A05C95 /* Preview Assets.xcassets in Resources */,
				B47B3ED82CBF72450097E03A /* LaunchScreenThree.storyboard in Resources */,
				B417DAC82A8860A600A05C95 /* Assets.xcassets in Resources */,
			);
			runOnlyForDeploymentPostprocessing = 0;
		};
		B43079562B68331B00C36EE7 /* Resources */ = {
			isa = PBXResourcesBuildPhase;
			buildActionMask = 2147483647;
			files = (
			);
			runOnlyForDeploymentPostprocessing = 0;
		};
/* End PBXResourcesBuildPhase section */

/* Begin PBXSourcesBuildPhase section */
		B417DABC2A8860A500A05C95 /* Sources */ = {
			isa = PBXSourcesBuildPhase;
			buildActionMask = 2147483647;
			files = (
				B42394152A8C0A0D007BD9F1 /* SignInView.swift in Sources */,
				B45419042ADCC12D00162816 /* CustomPickerWeightViewController.swift in Sources */,
				B4F1F1452AE30DA200276211 /* HeightUserView.swift in Sources */,
				B40EFABF2AE7362E0074D0FE /* ProfileUserView.swift in Sources */,
				B4C48A952B30BD6C0066516F /* DashboardViewTwo.swift in Sources */,
				B433E0322B2E5D2D007EB1BE /* TrainingLabel.swift in Sources */,
				B4F757E22AD3BC5D0013CE1D /* CustomPikerViewController.swift in Sources */,
				B4B595192ADF050700A59559 /* WeightPicker.swift in Sources */,
				B4F09ED52AE48F75002E67A3 /* HeightView.swift in Sources */,
				B4719EB32AA104C700A658ED /* LogInView.swift in Sources */,
				B418C3F12AA93AB100811D9B /* logInService.swift in Sources */,
				B444F4272AAFF7B40033A89B /* KeychainToKeepTokens.swift in Sources */,
				B47F41D12CE2829200B6A6CF /* DiscoverViewModel.swift in Sources */,
				B418C3F42AA9485400811D9B /* APIErrors.swift in Sources */,
				B4E159A22B6ED60E005C37CE /* KeyStorageProtocol.swift in Sources */,
				B4E1A0BE2AEED2A0006013F9 /* FlagView.swift in Sources */,
				B437B5A12AB2999B006CDA97 /* AgeView.swift in Sources */,
				B419E7232AA2C38700AFC7E2 /* PasswordTextField.swift in Sources */,
				B4F909172A8D973A00AC1B2F /* AppStateManager.swift in Sources */,
				B40C52312AFC7DE7008E9561 /* ForgotPasswordView.swift in Sources */,
				B40EFABD2AE72D370074D0FE /* ActivityLabelUserView.swift in Sources */,
				B4EA2C9E2CDC31C300817099 /* HomeViewPictures.swift in Sources */,
				B4FDA0B12B33B3600067B1EC /* RemoveBookmark.swift in Sources */,
				B44A77172AA58CC300599F11 /* SignInViewModel.swift in Sources */,
				B490C3172B2924C2000646A2 /* HomeView.swift in Sources */,
				B4F1F14E2AE33B6800276211 /* CustomPickerHeightViewController.swift in Sources */,
				B48F6BFB2B02F4EC005BA149 /* ResetCodeView.swift in Sources */,
				B43536A92A9432A000A64CE9 /* ActiveField.swift in Sources */,
				B403851E2AE5B56000A6EB62 /* HeightSelectedView.swift in Sources */,
				B48FFD222B239CAD007A5F2D /* backgroundGrey.swift in Sources */,
				B4DB116F2AA9513C00037DC5 /* Credential.swift in Sources */,
				B41F9D822B32872500F83C82 /* TrainingLevelView.swift in Sources */,
				B4A82F7C2CEB233A0065269A /* SearchBarView.swift in Sources */,
				B40EFABB2AE6F6190074D0FE /* GoalUserView.swift in Sources */,
				B46AAFFA2A8FDEDB006D32A8 /* ButtonView.swift in Sources */,
				B4D9786E2AE4A84A00C84762 /* HeightDelegate.swift in Sources */,
				B4B3092E2AE19CAC00D97711 /* WeightSelectedRow.swift in Sources */,
				B47851BD2AD4F4AF00F54D93 /* ProtocolPicker.swift in Sources */,
				B44AF9BA2B22BE3100B82411 /* CongratulationView.swift in Sources */,
				B4E159A42B6ED6B1005C37CE /* KeyStorageMock.swift in Sources */,
				B417DAC62A8860A500A05C95 /* ContentView.swift in Sources */,
				B41A823B2ABD140400235289 /* AgePicker.swift in Sources */,
				B44DD75E2B6DA6CC00996E0F /* SignInViewModelProtocol.swift in Sources */,
				B4F9091A2A8D983A00AC1B2F /* AppState.swift in Sources */,
				B4E7F63B2B6C1A3E00A8B813 /* LogInServiceProtocol.swift in Sources */,
				B45EFB6A2AA460C6003D5772 /* EmailField.swift in Sources */,
				B4EEE4222B05AE3C00E04BFD /* ResetCodeViewModel.swift in Sources */,
				B4281A152AEACFEF006BA8DE /* ImagePickerTwo.swift in Sources */,
				B45418FF2ADCBD3100162816 /* WeightView.swift in Sources */,
				B4371BFD2AAA4FDD00AE11E9 /* TokenModel.swift in Sources */,
				B48A6ED02A8F3223003DCC3D /* SignUpView.swift in Sources */,
				B44AF9BD2B22C84A00B82411 /* CreateNewPasswordViewModel.swift in Sources */,
				B454AA8D2B1FA46200CF73D8 /* CreateNewPassword.swift in Sources */,
				B453B90E2A95CC9D00CC64D4 /* SignUpViewModel.swift in Sources */,
				B437B59F2AB24F5F006CDA97 /* GenderView.swift in Sources */,
				B4E02BE82B2A389A00C559C3 /* WorkoutLavels.swift in Sources */,
				B431BECD2AF077CB000D09A4 /* FlagViewModel.swift in Sources */,
				B4E1A0BC2AEED1B6006013F9 /* LadaFlags.swift in Sources */,
				B44FA2882B08649900D4A8CA /* DigitTextField.swift in Sources */,
				B41C62D42B3CD56C0008CF22 /* DiscoverView.swift in Sources */,
				B41C62D72B3CF00D0008CF22 /* SearchBar.swift in Sources */,
				B4CA4B742A8B10CD00592575 /* OnboardingItem.swift in Sources */,
				B41B8D942AA029260021FF97 /* TextInputToggleView.swift in Sources */,
				B417DAD52A88633A00A05C95 /* OnboardingItemView.swift in Sources */,
				B433E0342B2E7243007EB1BE /* WorkoutLabelSubView.swift in Sources */,
				B4281A172AEAE881006BA8DE /* PickerView.swift in Sources */,
				B4F9091C2A8D9AD000AC1B2F /* OnboardingManager.swift in Sources */,
				B4CA4B762A8B22BF00592575 /* OnboardingNavigationButton.swift in Sources */,
				B417DAC42A8860A500A05C95 /* AppFitnexUsingSwiftUIApp.swift in Sources */,
				B4F9091E2A8D9CE500AC1B2F /* AuthManager.swift in Sources */,
				B44DD7612B6DCB1500996E0F /* CreateUserTokenMock.swift in Sources */,
				B4B595152ADF000E00A59559 /* WeightSelectionDelegate.swift in Sources */,
				B4D67DFA2B3128EE00E7253F /* MyBookMarkView.swift in Sources */,
				B4F909202A8DAEAF00AC1B2F /* OnboardingView.swift in Sources */,
			);
			runOnlyForDeploymentPostprocessing = 0;
		};
		B43079542B68331B00C36EE7 /* Sources */ = {
			isa = PBXSourcesBuildPhase;
			buildActionMask = 2147483647;
			files = (
				B44E81E82B697F0600A13C08 /* CredentialTest.swift in Sources */,
				B430795B2B68331B00C36EE7 /* AppFitnexUsingSwiftUITests.swift in Sources */,
				B4DDB3892B7FFEED00BBD374 /* LoginService1Test.swift in Sources */,
				B44E81EA2B698BFA00A13C08 /* TokenTest.swift in Sources */,
				B44DD75C2B6DA62F00996E0F /* SignInVMTest.swift in Sources */,
			);
			runOnlyForDeploymentPostprocessing = 0;
		};
/* End PBXSourcesBuildPhase section */

/* Begin PBXTargetDependency section */
		B430795D2B68331B00C36EE7 /* PBXTargetDependency */ = {
			isa = PBXTargetDependency;
			target = B417DABF2A8860A500A05C95 /* AppFitnexUsingSwiftUI */;
			targetProxy = B430795C2B68331B00C36EE7 /* PBXContainerItemProxy */;
		};
/* End PBXTargetDependency section */

/* Begin XCBuildConfiguration section */
		B417DACC2A8860A600A05C95 /* Debug */ = {
			isa = XCBuildConfiguration;
			buildSettings = {
				ALWAYS_SEARCH_USER_PATHS = NO;
				CLANG_ANALYZER_NONNULL = YES;
				CLANG_ANALYZER_NUMBER_OBJECT_CONVERSION = YES_AGGRESSIVE;
				CLANG_CXX_LANGUAGE_STANDARD = "gnu++20";
				CLANG_ENABLE_MODULES = YES;
				CLANG_ENABLE_OBJC_ARC = YES;
				CLANG_ENABLE_OBJC_WEAK = YES;
				CLANG_WARN_BLOCK_CAPTURE_AUTORELEASING = YES;
				CLANG_WARN_BOOL_CONVERSION = YES;
				CLANG_WARN_COMMA = YES;
				CLANG_WARN_CONSTANT_CONVERSION = YES;
				CLANG_WARN_DEPRECATED_OBJC_IMPLEMENTATIONS = YES;
				CLANG_WARN_DIRECT_OBJC_ISA_USAGE = YES_ERROR;
				CLANG_WARN_DOCUMENTATION_COMMENTS = YES;
				CLANG_WARN_EMPTY_BODY = YES;
				CLANG_WARN_ENUM_CONVERSION = YES;
				CLANG_WARN_INFINITE_RECURSION = YES;
				CLANG_WARN_INT_CONVERSION = YES;
				CLANG_WARN_NON_LITERAL_NULL_CONVERSION = YES;
				CLANG_WARN_OBJC_IMPLICIT_RETAIN_SELF = YES;
				CLANG_WARN_OBJC_LITERAL_CONVERSION = YES;
				CLANG_WARN_OBJC_ROOT_CLASS = YES_ERROR;
				CLANG_WARN_QUOTED_INCLUDE_IN_FRAMEWORK_HEADER = YES;
				CLANG_WARN_RANGE_LOOP_ANALYSIS = YES;
				CLANG_WARN_STRICT_PROTOTYPES = YES;
				CLANG_WARN_SUSPICIOUS_MOVE = YES;
				CLANG_WARN_UNGUARDED_AVAILABILITY = YES_AGGRESSIVE;
				CLANG_WARN_UNREACHABLE_CODE = YES;
				CLANG_WARN__DUPLICATE_METHOD_MATCH = YES;
				COPY_PHASE_STRIP = NO;
				DEBUG_INFORMATION_FORMAT = dwarf;
				ENABLE_STRICT_OBJC_MSGSEND = YES;
				ENABLE_TESTABILITY = YES;
				GCC_C_LANGUAGE_STANDARD = gnu11;
				GCC_DYNAMIC_NO_PIC = NO;
				GCC_NO_COMMON_BLOCKS = YES;
				GCC_OPTIMIZATION_LEVEL = 0;
				GCC_PREPROCESSOR_DEFINITIONS = (
					"DEBUG=1",
					"$(inherited)",
				);
				GCC_WARN_64_TO_32_BIT_CONVERSION = YES;
				GCC_WARN_ABOUT_RETURN_TYPE = YES_ERROR;
				GCC_WARN_UNDECLARED_SELECTOR = YES;
				GCC_WARN_UNINITIALIZED_AUTOS = YES_AGGRESSIVE;
				GCC_WARN_UNUSED_FUNCTION = YES;
				GCC_WARN_UNUSED_VARIABLE = YES;
				IPHONEOS_DEPLOYMENT_TARGET = 17.2;
				MTL_ENABLE_DEBUG_INFO = INCLUDE_SOURCE;
				MTL_FAST_MATH = YES;
				ONLY_ACTIVE_ARCH = YES;
				SDKROOT = iphoneos;
				SWIFT_ACTIVE_COMPILATION_CONDITIONS = DEBUG;
				SWIFT_OPTIMIZATION_LEVEL = "-Onone";
			};
			name = Debug;
		};
		B417DACD2A8860A600A05C95 /* Release */ = {
			isa = XCBuildConfiguration;
			buildSettings = {
				ALWAYS_SEARCH_USER_PATHS = NO;
				CLANG_ANALYZER_NONNULL = YES;
				CLANG_ANALYZER_NUMBER_OBJECT_CONVERSION = YES_AGGRESSIVE;
				CLANG_CXX_LANGUAGE_STANDARD = "gnu++20";
				CLANG_ENABLE_MODULES = YES;
				CLANG_ENABLE_OBJC_ARC = YES;
				CLANG_ENABLE_OBJC_WEAK = YES;
				CLANG_WARN_BLOCK_CAPTURE_AUTORELEASING = YES;
				CLANG_WARN_BOOL_CONVERSION = YES;
				CLANG_WARN_COMMA = YES;
				CLANG_WARN_CONSTANT_CONVERSION = YES;
				CLANG_WARN_DEPRECATED_OBJC_IMPLEMENTATIONS = YES;
				CLANG_WARN_DIRECT_OBJC_ISA_USAGE = YES_ERROR;
				CLANG_WARN_DOCUMENTATION_COMMENTS = YES;
				CLANG_WARN_EMPTY_BODY = YES;
				CLANG_WARN_ENUM_CONVERSION = YES;
				CLANG_WARN_INFINITE_RECURSION = YES;
				CLANG_WARN_INT_CONVERSION = YES;
				CLANG_WARN_NON_LITERAL_NULL_CONVERSION = YES;
				CLANG_WARN_OBJC_IMPLICIT_RETAIN_SELF = YES;
				CLANG_WARN_OBJC_LITERAL_CONVERSION = YES;
				CLANG_WARN_OBJC_ROOT_CLASS = YES_ERROR;
				CLANG_WARN_QUOTED_INCLUDE_IN_FRAMEWORK_HEADER = YES;
				CLANG_WARN_RANGE_LOOP_ANALYSIS = YES;
				CLANG_WARN_STRICT_PROTOTYPES = YES;
				CLANG_WARN_SUSPICIOUS_MOVE = YES;
				CLANG_WARN_UNGUARDED_AVAILABILITY = YES_AGGRESSIVE;
				CLANG_WARN_UNREACHABLE_CODE = YES;
				CLANG_WARN__DUPLICATE_METHOD_MATCH = YES;
				COPY_PHASE_STRIP = NO;
				DEBUG_INFORMATION_FORMAT = "dwarf-with-dsym";
				ENABLE_NS_ASSERTIONS = NO;
				ENABLE_STRICT_OBJC_MSGSEND = YES;
				GCC_C_LANGUAGE_STANDARD = gnu11;
				GCC_NO_COMMON_BLOCKS = YES;
				GCC_WARN_64_TO_32_BIT_CONVERSION = YES;
				GCC_WARN_ABOUT_RETURN_TYPE = YES_ERROR;
				GCC_WARN_UNDECLARED_SELECTOR = YES;
				GCC_WARN_UNINITIALIZED_AUTOS = YES_AGGRESSIVE;
				GCC_WARN_UNUSED_FUNCTION = YES;
				GCC_WARN_UNUSED_VARIABLE = YES;
				IPHONEOS_DEPLOYMENT_TARGET = 17.2;
				MTL_ENABLE_DEBUG_INFO = NO;
				MTL_FAST_MATH = YES;
				SDKROOT = iphoneos;
				SWIFT_COMPILATION_MODE = wholemodule;
				SWIFT_OPTIMIZATION_LEVEL = "-O";
				VALIDATE_PRODUCT = YES;
			};
			name = Release;
		};
		B417DACF2A8860A600A05C95 /* Debug */ = {
			isa = XCBuildConfiguration;
			buildSettings = {
				ASSETCATALOG_COMPILER_APPICON_NAME = AppIcon;
				ASSETCATALOG_COMPILER_GLOBAL_ACCENT_COLOR_NAME = AccentColor;
				ASSETCATALOG_COMPILER_INCLUDE_ALL_APPICON_ASSETS = NO;
				CODE_SIGN_STYLE = Automatic;
				CURRENT_PROJECT_VERSION = 1;
				DEVELOPMENT_ASSET_PATHS = "\"AppFitnexUsingSwiftUI/Preview Content\"";
				DEVELOPMENT_TEAM = 9SM8FHLJFG;
				ENABLE_PREVIEWS = YES;
				GENERATE_INFOPLIST_FILE = YES;
				INFOPLIST_FILE = AppFitnexUsingSwiftUI/Info.plist;
				INFOPLIST_KEY_UIApplicationSceneManifest_Generation = YES;
				INFOPLIST_KEY_UIApplicationSupportsIndirectInputEvents = YES;
				INFOPLIST_KEY_UILaunchScreen_Generation = YES;
				INFOPLIST_KEY_UISupportedInterfaceOrientations_iPad = "UIInterfaceOrientationPortrait UIInterfaceOrientationPortraitUpsideDown UIInterfaceOrientationLandscapeLeft UIInterfaceOrientationLandscapeRight";
				INFOPLIST_KEY_UISupportedInterfaceOrientations_iPhone = "UIInterfaceOrientationPortrait UIInterfaceOrientationLandscapeLeft UIInterfaceOrientationLandscapeRight";
				LD_RUNPATH_SEARCH_PATHS = (
					"$(inherited)",
					"@executable_path/Frameworks",
				);
				MARKETING_VERSION = 1.0;
				PRODUCT_BUNDLE_IDENTIFIER = "jamadorh91-gmail.com.AppFitnexUsingSwiftUI";
				PRODUCT_NAME = "$(TARGET_NAME)";
				SWIFT_EMIT_LOC_STRINGS = YES;
				SWIFT_VERSION = 5.0;
				TARGETED_DEVICE_FAMILY = "1,2";
			};
			name = Debug;
		};
		B417DAD02A8860A600A05C95 /* Release */ = {
			isa = XCBuildConfiguration;
			buildSettings = {
				ASSETCATALOG_COMPILER_APPICON_NAME = AppIcon;
				ASSETCATALOG_COMPILER_GLOBAL_ACCENT_COLOR_NAME = AccentColor;
				ASSETCATALOG_COMPILER_INCLUDE_ALL_APPICON_ASSETS = NO;
				CODE_SIGN_STYLE = Automatic;
				CURRENT_PROJECT_VERSION = 1;
				DEVELOPMENT_ASSET_PATHS = "\"AppFitnexUsingSwiftUI/Preview Content\"";
				DEVELOPMENT_TEAM = 9SM8FHLJFG;
				ENABLE_PREVIEWS = YES;
				GENERATE_INFOPLIST_FILE = YES;
				INFOPLIST_FILE = AppFitnexUsingSwiftUI/Info.plist;
				INFOPLIST_KEY_UIApplicationSceneManifest_Generation = YES;
				INFOPLIST_KEY_UIApplicationSupportsIndirectInputEvents = YES;
				INFOPLIST_KEY_UILaunchScreen_Generation = YES;
				INFOPLIST_KEY_UISupportedInterfaceOrientations_iPad = "UIInterfaceOrientationPortrait UIInterfaceOrientationPortraitUpsideDown UIInterfaceOrientationLandscapeLeft UIInterfaceOrientationLandscapeRight";
				INFOPLIST_KEY_UISupportedInterfaceOrientations_iPhone = "UIInterfaceOrientationPortrait UIInterfaceOrientationLandscapeLeft UIInterfaceOrientationLandscapeRight";
				LD_RUNPATH_SEARCH_PATHS = (
					"$(inherited)",
					"@executable_path/Frameworks",
				);
				MARKETING_VERSION = 1.0;
				PRODUCT_BUNDLE_IDENTIFIER = "jamadorh91-gmail.com.AppFitnexUsingSwiftUI";
				PRODUCT_NAME = "$(TARGET_NAME)";
				SWIFT_EMIT_LOC_STRINGS = YES;
				SWIFT_VERSION = 5.0;
				TARGETED_DEVICE_FAMILY = "1,2";
			};
			name = Release;
		};
		B430795E2B68331B00C36EE7 /* Debug */ = {
			isa = XCBuildConfiguration;
			buildSettings = {
				ASSETCATALOG_COMPILER_GENERATE_SWIFT_ASSET_SYMBOL_EXTENSIONS = YES;
				BUNDLE_LOADER = "$(TEST_HOST)";
				CODE_SIGN_STYLE = Automatic;
				CURRENT_PROJECT_VERSION = 1;
				DEVELOPMENT_TEAM = 9SM8FHLJFG;
				ENABLE_USER_SCRIPT_SANDBOXING = YES;
				GCC_C_LANGUAGE_STANDARD = gnu17;
				GENERATE_INFOPLIST_FILE = YES;
				IPHONEOS_DEPLOYMENT_TARGET = 17.2;
				LOCALIZATION_PREFERS_STRING_CATALOGS = YES;
				MARKETING_VERSION = 1.0;
				PRODUCT_BUNDLE_IDENTIFIER = "jamadorh91-gmail.com.AppFitnexUsingSwiftUITests";
				PRODUCT_NAME = "$(TARGET_NAME)";
				SWIFT_ACTIVE_COMPILATION_CONDITIONS = "DEBUG $(inherited)";
				SWIFT_EMIT_LOC_STRINGS = NO;
				SWIFT_VERSION = 5.0;
				TARGETED_DEVICE_FAMILY = "1,2";
				TEST_HOST = "$(BUILT_PRODUCTS_DIR)/AppFitnexUsingSwiftUI.app/$(BUNDLE_EXECUTABLE_FOLDER_PATH)/AppFitnexUsingSwiftUI";
			};
			name = Debug;
		};
		B430795F2B68331B00C36EE7 /* Release */ = {
			isa = XCBuildConfiguration;
			buildSettings = {
				ASSETCATALOG_COMPILER_GENERATE_SWIFT_ASSET_SYMBOL_EXTENSIONS = YES;
				BUNDLE_LOADER = "$(TEST_HOST)";
				CODE_SIGN_STYLE = Automatic;
				CURRENT_PROJECT_VERSION = 1;
				DEVELOPMENT_TEAM = 9SM8FHLJFG;
				ENABLE_USER_SCRIPT_SANDBOXING = YES;
				GCC_C_LANGUAGE_STANDARD = gnu17;
				GENERATE_INFOPLIST_FILE = YES;
				IPHONEOS_DEPLOYMENT_TARGET = 17.2;
				LOCALIZATION_PREFERS_STRING_CATALOGS = YES;
				MARKETING_VERSION = 1.0;
				PRODUCT_BUNDLE_IDENTIFIER = "jamadorh91-gmail.com.AppFitnexUsingSwiftUITests";
				PRODUCT_NAME = "$(TARGET_NAME)";
				SWIFT_EMIT_LOC_STRINGS = NO;
				SWIFT_VERSION = 5.0;
				TARGETED_DEVICE_FAMILY = "1,2";
				TEST_HOST = "$(BUILT_PRODUCTS_DIR)/AppFitnexUsingSwiftUI.app/$(BUNDLE_EXECUTABLE_FOLDER_PATH)/AppFitnexUsingSwiftUI";
			};
			name = Release;
		};
/* End XCBuildConfiguration section */

/* Begin XCConfigurationList section */
		B417DABB2A8860A500A05C95 /* Build configuration list for PBXProject "AppFitnexUsingSwiftUI" */ = {
			isa = XCConfigurationList;
			buildConfigurations = (
				B417DACC2A8860A600A05C95 /* Debug */,
				B417DACD2A8860A600A05C95 /* Release */,
			);
			defaultConfigurationIsVisible = 0;
			defaultConfigurationName = Release;
		};
		B417DACE2A8860A600A05C95 /* Build configuration list for PBXNativeTarget "AppFitnexUsingSwiftUI" */ = {
			isa = XCConfigurationList;
			buildConfigurations = (
				B417DACF2A8860A600A05C95 /* Debug */,
				B417DAD02A8860A600A05C95 /* Release */,
			);
			defaultConfigurationIsVisible = 0;
			defaultConfigurationName = Release;
		};
		B43079602B68331B00C36EE7 /* Build configuration list for PBXNativeTarget "AppFitnexUsingSwiftUITests" */ = {
			isa = XCConfigurationList;
			buildConfigurations = (
				B430795E2B68331B00C36EE7 /* Debug */,
				B430795F2B68331B00C36EE7 /* Release */,
			);
			defaultConfigurationIsVisible = 0;
			defaultConfigurationName = Release;
		};
/* End XCConfigurationList section */
	};
	rootObject = B417DAB82A8860A500A05C95 /* Project object */;
}
