// !$*UTF8*$!
{
	archiveVersion = 1;
	classes = {
	};
	objectVersion = 56;
	objects = {

/* Begin PBXBuildFile section */
		B417DAC42A8860A500A05C95 /* AppFitnexUsingSwiftUIApp.swift in Sources */ = {isa = PBXBuildFile; fileRef = B417DAC32A8860A500A05C95 /* AppFitnexUsingSwiftUIApp.swift */; };
		B417DAC62A8860A500A05C95 /* ContentView.swift in Sources */ = {isa = PBXBuildFile; fileRef = B417DAC52A8860A500A05C95 /* ContentView.swift */; };
		B417DAC82A8860A600A05C95 /* Assets.xcassets in Resources */ = {isa = PBXBuildFile; fileRef = B417DAC72A8860A600A05C95 /* Assets.xcassets */; };
		B417DACB2A8860A600A05C95 /* Preview Assets.xcassets in Resources */ = {isa = PBXBuildFile; fileRef = B417DACA2A8860A600A05C95 /* Preview Assets.xcassets */; };
		B417DAD52A88633A00A05C95 /* OnboardingItemView.swift in Sources */ = {isa = PBXBuildFile; fileRef = B417DAD42A88633A00A05C95 /* OnboardingItemView.swift */; };
		B42394152A8C0A0D007BD9F1 /* SignInView.swift in Sources */ = {isa = PBXBuildFile; fileRef = B42394142A8C0A0D007BD9F1 /* SignInView.swift */; };
		B43536A92A9432A000A64CE9 /* ActiveField.swift in Sources */ = {isa = PBXBuildFile; fileRef = B43536A82A9432A000A64CE9 /* ActiveField.swift */; };
		B46AAFFA2A8FDEDB006D32A8 /* ButtonView.swift in Sources */ = {isa = PBXBuildFile; fileRef = B46AAFF92A8FDEDB006D32A8 /* ButtonView.swift */; };
		B48A6ED02A8F3223003DCC3D /* SignUpView.swift in Sources */ = {isa = PBXBuildFile; fileRef = B48A6ECF2A8F3223003DCC3D /* SignUpView.swift */; };
		B4CA4B742A8B10CD00592575 /* OnboardingItem.swift in Sources */ = {isa = PBXBuildFile; fileRef = B4CA4B732A8B10CD00592575 /* OnboardingItem.swift */; };
		B4CA4B762A8B22BF00592575 /* OnboardingNavigationButton.swift in Sources */ = {isa = PBXBuildFile; fileRef = B4CA4B752A8B22BF00592575 /* OnboardingNavigationButton.swift */; };
		B4F909172A8D973A00AC1B2F /* AppStateManager.swift in Sources */ = {isa = PBXBuildFile; fileRef = B4F909162A8D973A00AC1B2F /* AppStateManager.swift */; };
		B4F9091A2A8D983A00AC1B2F /* AppState.swift in Sources */ = {isa = PBXBuildFile; fileRef = B4F909192A8D983A00AC1B2F /* AppState.swift */; };
		B4F9091C2A8D9AD000AC1B2F /* OnboardingManager.swift in Sources */ = {isa = PBXBuildFile; fileRef = B4F9091B2A8D9AD000AC1B2F /* OnboardingManager.swift */; };
		B4F9091E2A8D9CE500AC1B2F /* AuthManager.swift in Sources */ = {isa = PBXBuildFile; fileRef = B4F9091D2A8D9CE500AC1B2F /* AuthManager.swift */; };
		B4F909202A8DAEAF00AC1B2F /* OnboardingView.swift in Sources */ = {isa = PBXBuildFile; fileRef = B4F9091F2A8DAEAF00AC1B2F /* OnboardingView.swift */; };
/* End PBXBuildFile section */

/* Begin PBXFileReference section */
		B417DAC02A8860A500A05C95 /* AppFitnexUsingSwiftUI.app */ = {isa = PBXFileReference; explicitFileType = wrapper.application; includeInIndex = 0; path = AppFitnexUsingSwiftUI.app; sourceTree = BUILT_PRODUCTS_DIR; };
		B417DAC32A8860A500A05C95 /* AppFitnexUsingSwiftUIApp.swift */ = {isa = PBXFileReference; lastKnownFileType = sourcecode.swift; path = AppFitnexUsingSwiftUIApp.swift; sourceTree = "<group>"; };
		B417DAC52A8860A500A05C95 /* ContentView.swift */ = {isa = PBXFileReference; lastKnownFileType = sourcecode.swift; path = ContentView.swift; sourceTree = "<group>"; };
		B417DAC72A8860A600A05C95 /* Assets.xcassets */ = {isa = PBXFileReference; lastKnownFileType = folder.assetcatalog; path = Assets.xcassets; sourceTree = "<group>"; };
		B417DACA2A8860A600A05C95 /* Preview Assets.xcassets */ = {isa = PBXFileReference; lastKnownFileType = folder.assetcatalog; path = "Preview Assets.xcassets"; sourceTree = "<group>"; };
		B417DAD42A88633A00A05C95 /* OnboardingItemView.swift */ = {isa = PBXFileReference; lastKnownFileType = sourcecode.swift; path = OnboardingItemView.swift; sourceTree = "<group>"; };
		B42394142A8C0A0D007BD9F1 /* SignInView.swift */ = {isa = PBXFileReference; lastKnownFileType = sourcecode.swift; path = SignInView.swift; sourceTree = "<group>"; };
		B43536A82A9432A000A64CE9 /* ActiveField.swift */ = {isa = PBXFileReference; lastKnownFileType = sourcecode.swift; path = ActiveField.swift; sourceTree = "<group>"; };
		B46AAFF92A8FDEDB006D32A8 /* ButtonView.swift */ = {isa = PBXFileReference; lastKnownFileType = sourcecode.swift; path = ButtonView.swift; sourceTree = "<group>"; };
		B48A6ECF2A8F3223003DCC3D /* SignUpView.swift */ = {isa = PBXFileReference; lastKnownFileType = sourcecode.swift; path = SignUpView.swift; sourceTree = "<group>"; };
		B4CA4B732A8B10CD00592575 /* OnboardingItem.swift */ = {isa = PBXFileReference; lastKnownFileType = sourcecode.swift; path = OnboardingItem.swift; sourceTree = "<group>"; };
		B4CA4B752A8B22BF00592575 /* OnboardingNavigationButton.swift */ = {isa = PBXFileReference; lastKnownFileType = sourcecode.swift; path = OnboardingNavigationButton.swift; sourceTree = "<group>"; };
		B4F909162A8D973A00AC1B2F /* AppStateManager.swift */ = {isa = PBXFileReference; lastKnownFileType = sourcecode.swift; path = AppStateManager.swift; sourceTree = "<group>"; };
		B4F909192A8D983A00AC1B2F /* AppState.swift */ = {isa = PBXFileReference; lastKnownFileType = sourcecode.swift; path = AppState.swift; sourceTree = "<group>"; };
		B4F9091B2A8D9AD000AC1B2F /* OnboardingManager.swift */ = {isa = PBXFileReference; lastKnownFileType = sourcecode.swift; path = OnboardingManager.swift; sourceTree = "<group>"; };
		B4F9091D2A8D9CE500AC1B2F /* AuthManager.swift */ = {isa = PBXFileReference; lastKnownFileType = sourcecode.swift; path = AuthManager.swift; sourceTree = "<group>"; };
		B4F9091F2A8DAEAF00AC1B2F /* OnboardingView.swift */ = {isa = PBXFileReference; lastKnownFileType = sourcecode.swift; path = OnboardingView.swift; sourceTree = "<group>"; };
/* End PBXFileReference section */

/* Begin PBXFrameworksBuildPhase section */
		B417DABD2A8860A500A05C95 /* Frameworks */ = {
			isa = PBXFrameworksBuildPhase;
			buildActionMask = 2147483647;
			files = (
			);
			runOnlyForDeploymentPostprocessing = 0;
		};
/* End PBXFrameworksBuildPhase section */

/* Begin PBXGroup section */
		B417DAB72A8860A500A05C95 = {
			isa = PBXGroup;
			children = (
				B417DAC22A8860A500A05C95 /* AppFitnexUsingSwiftUI */,
				B417DAC12A8860A500A05C95 /* Products */,
			);
			sourceTree = "<group>";
		};
		B417DAC12A8860A500A05C95 /* Products */ = {
			isa = PBXGroup;
			children = (
				B417DAC02A8860A500A05C95 /* AppFitnexUsingSwiftUI.app */,
			);
			name = Products;
			sourceTree = "<group>";
		};
		B417DAC22A8860A500A05C95 /* AppFitnexUsingSwiftUI */ = {
			isa = PBXGroup;
			children = (
				B4F909182A8D97F000AC1B2F /* Enums */,
				B4F909152A8D970B00AC1B2F /* Managers */,
				B4CA4B722A8B0F3300592575 /* ViewModels */,
				B4CA4B712A8B0F1E00592575 /* Modelos */,
				B417DAD12A88620300A05C95 /* Views */,
				B417DAC32A8860A500A05C95 /* AppFitnexUsingSwiftUIApp.swift */,
				B417DAC72A8860A600A05C95 /* Assets.xcassets */,
				B417DAC92A8860A600A05C95 /* Preview Content */,
			);
			path = AppFitnexUsingSwiftUI;
			sourceTree = "<group>";
		};
		B417DAC92A8860A600A05C95 /* Preview Content */ = {
			isa = PBXGroup;
			children = (
				B417DACA2A8860A600A05C95 /* Preview Assets.xcassets */,
			);
			path = "Preview Content";
			sourceTree = "<group>";
		};
		B417DAD12A88620300A05C95 /* Views */ = {
			isa = PBXGroup;
			children = (
				B46AAFF82A8FDEBA006D32A8 /* Buttons */,
				B48A6ECE2A8F3182003DCC3D /* SignUpView */,
				B42394122A8C0761007BD9F1 /* OnboardingView */,
				B42394132A8C09CF007BD9F1 /* SignInView */,
				B417DAC52A8860A500A05C95 /* ContentView.swift */,
			);
			path = Views;
			sourceTree = "<group>";
		};
		B42394122A8C0761007BD9F1 /* OnboardingView */ = {
			isa = PBXGroup;
			children = (
				B4CA4B752A8B22BF00592575 /* OnboardingNavigationButton.swift */,
				B417DAD42A88633A00A05C95 /* OnboardingItemView.swift */,
				B4F9091F2A8DAEAF00AC1B2F /* OnboardingView.swift */,
			);
			path = OnboardingView;
			sourceTree = "<group>";
		};
		B42394132A8C09CF007BD9F1 /* SignInView */ = {
			isa = PBXGroup;
			children = (
				B42394142A8C0A0D007BD9F1 /* SignInView.swift */,
			);
			path = SignInView;
			sourceTree = "<group>";
		};
		B46AAFF82A8FDEBA006D32A8 /* Buttons */ = {
			isa = PBXGroup;
			children = (
				B46AAFF92A8FDEDB006D32A8 /* ButtonView.swift */,
			);
			path = Buttons;
			sourceTree = "<group>";
		};
		B48A6ECE2A8F3182003DCC3D /* SignUpView */ = {
			isa = PBXGroup;
			children = (
				B48A6ECF2A8F3223003DCC3D /* SignUpView.swift */,
			);
			path = SignUpView;
			sourceTree = "<group>";
		};
		B4CA4B712A8B0F1E00592575 /* Modelos */ = {
			isa = PBXGroup;
			children = (
				B4CA4B732A8B10CD00592575 /* OnboardingItem.swift */,
			);
			path = Modelos;
			sourceTree = "<group>";
		};
		B4CA4B722A8B0F3300592575 /* ViewModels */ = {
			isa = PBXGroup;
			children = (
			);
			path = ViewModels;
			sourceTree = "<group>";
		};
		B4F909152A8D970B00AC1B2F /* Managers */ = {
			isa = PBXGroup;
			children = (
				B4F909162A8D973A00AC1B2F /* AppStateManager.swift */,
				B4F9091B2A8D9AD000AC1B2F /* OnboardingManager.swift */,
				B4F9091D2A8D9CE500AC1B2F /* AuthManager.swift */,
			);
			path = Managers;
			sourceTree = "<group>";
		};
		B4F909182A8D97F000AC1B2F /* Enums */ = {
			isa = PBXGroup;
			children = (
				B4F909192A8D983A00AC1B2F /* AppState.swift */,
				B43536A82A9432A000A64CE9 /* ActiveField.swift */,
			);
			path = Enums;
			sourceTree = "<group>";
		};
/* End PBXGroup section */

/* Begin PBXNativeTarget section */
		B417DABF2A8860A500A05C95 /* AppFitnexUsingSwiftUI */ = {
			isa = PBXNativeTarget;
			buildConfigurationList = B417DACE2A8860A600A05C95 /* Build configuration list for PBXNativeTarget "AppFitnexUsingSwiftUI" */;
			buildPhases = (
				B417DABC2A8860A500A05C95 /* Sources */,
				B417DABD2A8860A500A05C95 /* Frameworks */,
				B417DABE2A8860A500A05C95 /* Resources */,
			);
			buildRules = (
			);
			dependencies = (
			);
			name = AppFitnexUsingSwiftUI;
			productName = AppFitnexUsingSwiftUI;
			productReference = B417DAC02A8860A500A05C95 /* AppFitnexUsingSwiftUI.app */;
			productType = "com.apple.product-type.application";
		};
/* End PBXNativeTarget section */

/* Begin PBXProject section */
		B417DAB82A8860A500A05C95 /* Project object */ = {
			isa = PBXProject;
			attributes = {
				BuildIndependentTargetsInParallel = 1;
				LastSwiftUpdateCheck = 1430;
				LastUpgradeCheck = 1430;
				TargetAttributes = {
					B417DABF2A8860A500A05C95 = {
						CreatedOnToolsVersion = 14.3.1;
					};
				};
			};
			buildConfigurationList = B417DABB2A8860A500A05C95 /* Build configuration list for PBXProject "AppFitnexUsingSwiftUI" */;
			compatibilityVersion = "Xcode 14.0";
			developmentRegion = en;
			hasScannedForEncodings = 0;
			knownRegions = (
				en,
				Base,
			);
			mainGroup = B417DAB72A8860A500A05C95;
			productRefGroup = B417DAC12A8860A500A05C95 /* Products */;
			projectDirPath = "";
			projectRoot = "";
			targets = (
				B417DABF2A8860A500A05C95 /* AppFitnexUsingSwiftUI */,
			);
		};
/* End PBXProject section */

/* Begin PBXResourcesBuildPhase section */
		B417DABE2A8860A500A05C95 /* Resources */ = {
			isa = PBXResourcesBuildPhase;
			buildActionMask = 2147483647;
			files = (
				B417DACB2A8860A600A05C95 /* Preview Assets.xcassets in Resources */,
				B417DAC82A8860A600A05C95 /* Assets.xcassets in Resources */,
			);
			runOnlyForDeploymentPostprocessing = 0;
		};
/* End PBXResourcesBuildPhase section */

/* Begin PBXSourcesBuildPhase section */
		B417DABC2A8860A500A05C95 /* Sources */ = {
			isa = PBXSourcesBuildPhase;
			buildActionMask = 2147483647;
			files = (
				B42394152A8C0A0D007BD9F1 /* SignInView.swift in Sources */,
				B4F909172A8D973A00AC1B2F /* AppStateManager.swift in Sources */,
				B43536A92A9432A000A64CE9 /* ActiveField.swift in Sources */,
				B46AAFFA2A8FDEDB006D32A8 /* ButtonView.swift in Sources */,
				B417DAC62A8860A500A05C95 /* ContentView.swift in Sources */,
				B4F9091A2A8D983A00AC1B2F /* AppState.swift in Sources */,
				B48A6ED02A8F3223003DCC3D /* SignUpView.swift in Sources */,
				B4CA4B742A8B10CD00592575 /* OnboardingItem.swift in Sources */,
				B417DAD52A88633A00A05C95 /* OnboardingItemView.swift in Sources */,
				B4F9091C2A8D9AD000AC1B2F /* OnboardingManager.swift in Sources */,
				B4CA4B762A8B22BF00592575 /* OnboardingNavigationButton.swift in Sources */,
				B417DAC42A8860A500A05C95 /* AppFitnexUsingSwiftUIApp.swift in Sources */,
				B4F9091E2A8D9CE500AC1B2F /* AuthManager.swift in Sources */,
				B4F909202A8DAEAF00AC1B2F /* OnboardingView.swift in Sources */,
			);
			runOnlyForDeploymentPostprocessing = 0;
		};
/* End PBXSourcesBuildPhase section */

/* Begin XCBuildConfiguration section */
		B417DACC2A8860A600A05C95 /* Debug */ = {
			isa = XCBuildConfiguration;
			buildSettings = {
				ALWAYS_SEARCH_USER_PATHS = NO;
				CLANG_ANALYZER_NONNULL = YES;
				CLANG_ANALYZER_NUMBER_OBJECT_CONVERSION = YES_AGGRESSIVE;
				CLANG_CXX_LANGUAGE_STANDARD = "gnu++20";
				CLANG_ENABLE_MODULES = YES;
				CLANG_ENABLE_OBJC_ARC = YES;
				CLANG_ENABLE_OBJC_WEAK = YES;
				CLANG_WARN_BLOCK_CAPTURE_AUTORELEASING = YES;
				CLANG_WARN_BOOL_CONVERSION = YES;
				CLANG_WARN_COMMA = YES;
				CLANG_WARN_CONSTANT_CONVERSION = YES;
				CLANG_WARN_DEPRECATED_OBJC_IMPLEMENTATIONS = YES;
				CLANG_WARN_DIRECT_OBJC_ISA_USAGE = YES_ERROR;
				CLANG_WARN_DOCUMENTATION_COMMENTS = YES;
				CLANG_WARN_EMPTY_BODY = YES;
				CLANG_WARN_ENUM_CONVERSION = YES;
				CLANG_WARN_INFINITE_RECURSION = YES;
				CLANG_WARN_INT_CONVERSION = YES;
				CLANG_WARN_NON_LITERAL_NULL_CONVERSION = YES;
				CLANG_WARN_OBJC_IMPLICIT_RETAIN_SELF = YES;
				CLANG_WARN_OBJC_LITERAL_CONVERSION = YES;
				CLANG_WARN_OBJC_ROOT_CLASS = YES_ERROR;
				CLANG_WARN_QUOTED_INCLUDE_IN_FRAMEWORK_HEADER = YES;
				CLANG_WARN_RANGE_LOOP_ANALYSIS = YES;
				CLANG_WARN_STRICT_PROTOTYPES = YES;
				CLANG_WARN_SUSPICIOUS_MOVE = YES;
				CLANG_WARN_UNGUARDED_AVAILABILITY = YES_AGGRESSIVE;
				CLANG_WARN_UNREACHABLE_CODE = YES;
				CLANG_WARN__DUPLICATE_METHOD_MATCH = YES;
				COPY_PHASE_STRIP = NO;
				DEBUG_INFORMATION_FORMAT = dwarf;
				ENABLE_STRICT_OBJC_MSGSEND = YES;
				ENABLE_TESTABILITY = YES;
				GCC_C_LANGUAGE_STANDARD = gnu11;
				GCC_DYNAMIC_NO_PIC = NO;
				GCC_NO_COMMON_BLOCKS = YES;
				GCC_OPTIMIZATION_LEVEL = 0;
				GCC_PREPROCESSOR_DEFINITIONS = (
					"DEBUG=1",
					"$(inherited)",
				);
				GCC_WARN_64_TO_32_BIT_CONVERSION = YES;
				GCC_WARN_ABOUT_RETURN_TYPE = YES_ERROR;
				GCC_WARN_UNDECLARED_SELECTOR = YES;
				GCC_WARN_UNINITIALIZED_AUTOS = YES_AGGRESSIVE;
				GCC_WARN_UNUSED_FUNCTION = YES;
				GCC_WARN_UNUSED_VARIABLE = YES;
				IPHONEOS_DEPLOYMENT_TARGET = 16.4;
				MTL_ENABLE_DEBUG_INFO = INCLUDE_SOURCE;
				MTL_FAST_MATH = YES;
				ONLY_ACTIVE_ARCH = YES;
				SDKROOT = iphoneos;
				SWIFT_ACTIVE_COMPILATION_CONDITIONS = DEBUG;
				SWIFT_OPTIMIZATION_LEVEL = "-Onone";
			};
			name = Debug;
		};
		B417DACD2A8860A600A05C95 /* Release */ = {
			isa = XCBuildConfiguration;
			buildSettings = {
				ALWAYS_SEARCH_USER_PATHS = NO;
				CLANG_ANALYZER_NONNULL = YES;
				CLANG_ANALYZER_NUMBER_OBJECT_CONVERSION = YES_AGGRESSIVE;
				CLANG_CXX_LANGUAGE_STANDARD = "gnu++20";
				CLANG_ENABLE_MODULES = YES;
				CLANG_ENABLE_OBJC_ARC = YES;
				CLANG_ENABLE_OBJC_WEAK = YES;
				CLANG_WARN_BLOCK_CAPTURE_AUTORELEASING = YES;
				CLANG_WARN_BOOL_CONVERSION = YES;
				CLANG_WARN_COMMA = YES;
				CLANG_WARN_CONSTANT_CONVERSION = YES;
				CLANG_WARN_DEPRECATED_OBJC_IMPLEMENTATIONS = YES;
				CLANG_WARN_DIRECT_OBJC_ISA_USAGE = YES_ERROR;
				CLANG_WARN_DOCUMENTATION_COMMENTS = YES;
				CLANG_WARN_EMPTY_BODY = YES;
				CLANG_WARN_ENUM_CONVERSION = YES;
				CLANG_WARN_INFINITE_RECURSION = YES;
				CLANG_WARN_INT_CONVERSION = YES;
				CLANG_WARN_NON_LITERAL_NULL_CONVERSION = YES;
				CLANG_WARN_OBJC_IMPLICIT_RETAIN_SELF = YES;
				CLANG_WARN_OBJC_LITERAL_CONVERSION = YES;
				CLANG_WARN_OBJC_ROOT_CLASS = YES_ERROR;
				CLANG_WARN_QUOTED_INCLUDE_IN_FRAMEWORK_HEADER = YES;
				CLANG_WARN_RANGE_LOOP_ANALYSIS = YES;
				CLANG_WARN_STRICT_PROTOTYPES = YES;
				CLANG_WARN_SUSPICIOUS_MOVE = YES;
				CLANG_WARN_UNGUARDED_AVAILABILITY = YES_AGGRESSIVE;
				CLANG_WARN_UNREACHABLE_CODE = YES;
				CLANG_WARN__DUPLICATE_METHOD_MATCH = YES;
				COPY_PHASE_STRIP = NO;
				DEBUG_INFORMATION_FORMAT = "dwarf-with-dsym";
				ENABLE_NS_ASSERTIONS = NO;
				ENABLE_STRICT_OBJC_MSGSEND = YES;
				GCC_C_LANGUAGE_STANDARD = gnu11;
				GCC_NO_COMMON_BLOCKS = YES;
				GCC_WARN_64_TO_32_BIT_CONVERSION = YES;
				GCC_WARN_ABOUT_RETURN_TYPE = YES_ERROR;
				GCC_WARN_UNDECLARED_SELECTOR = YES;
				GCC_WARN_UNINITIALIZED_AUTOS = YES_AGGRESSIVE;
				GCC_WARN_UNUSED_FUNCTION = YES;
				GCC_WARN_UNUSED_VARIABLE = YES;
				IPHONEOS_DEPLOYMENT_TARGET = 16.4;
				MTL_ENABLE_DEBUG_INFO = NO;
				MTL_FAST_MATH = YES;
				SDKROOT = iphoneos;
				SWIFT_COMPILATION_MODE = wholemodule;
				SWIFT_OPTIMIZATION_LEVEL = "-O";
				VALIDATE_PRODUCT = YES;
			};
			name = Release;
		};
		B417DACF2A8860A600A05C95 /* Debug */ = {
			isa = XCBuildConfiguration;
			buildSettings = {
				ASSETCATALOG_COMPILER_APPICON_NAME = AppIcon;
				ASSETCATALOG_COMPILER_GLOBAL_ACCENT_COLOR_NAME = AccentColor;
				CODE_SIGN_STYLE = Automatic;
				CURRENT_PROJECT_VERSION = 1;
				DEVELOPMENT_ASSET_PATHS = "\"AppFitnexUsingSwiftUI/Preview Content\"";
				DEVELOPMENT_TEAM = 9SM8FHLJFG;
				ENABLE_PREVIEWS = YES;
				GENERATE_INFOPLIST_FILE = YES;
				INFOPLIST_KEY_UIApplicationSceneManifest_Generation = YES;
				INFOPLIST_KEY_UIApplicationSupportsIndirectInputEvents = YES;
				INFOPLIST_KEY_UILaunchScreen_Generation = YES;
				INFOPLIST_KEY_UISupportedInterfaceOrientations_iPad = "UIInterfaceOrientationPortrait UIInterfaceOrientationPortraitUpsideDown UIInterfaceOrientationLandscapeLeft UIInterfaceOrientationLandscapeRight";
				INFOPLIST_KEY_UISupportedInterfaceOrientations_iPhone = "UIInterfaceOrientationPortrait UIInterfaceOrientationLandscapeLeft UIInterfaceOrientationLandscapeRight";
				LD_RUNPATH_SEARCH_PATHS = (
					"$(inherited)",
					"@executable_path/Frameworks",
				);
				MARKETING_VERSION = 1.0;
				PRODUCT_BUNDLE_IDENTIFIER = "jamadorh91-gmail.com.AppFitnexUsingSwiftUI";
				PRODUCT_NAME = "$(TARGET_NAME)";
				SWIFT_EMIT_LOC_STRINGS = YES;
				SWIFT_VERSION = 5.0;
				TARGETED_DEVICE_FAMILY = "1,2";
			};
			name = Debug;
		};
		B417DAD02A8860A600A05C95 /* Release */ = {
			isa = XCBuildConfiguration;
			buildSettings = {
				ASSETCATALOG_COMPILER_APPICON_NAME = AppIcon;
				ASSETCATALOG_COMPILER_GLOBAL_ACCENT_COLOR_NAME = AccentColor;
				CODE_SIGN_STYLE = Automatic;
				CURRENT_PROJECT_VERSION = 1;
				DEVELOPMENT_ASSET_PATHS = "\"AppFitnexUsingSwiftUI/Preview Content\"";
				DEVELOPMENT_TEAM = 9SM8FHLJFG;
				ENABLE_PREVIEWS = YES;
				GENERATE_INFOPLIST_FILE = YES;
				INFOPLIST_KEY_UIApplicationSceneManifest_Generation = YES;
				INFOPLIST_KEY_UIApplicationSupportsIndirectInputEvents = YES;
				INFOPLIST_KEY_UILaunchScreen_Generation = YES;
				INFOPLIST_KEY_UISupportedInterfaceOrientations_iPad = "UIInterfaceOrientationPortrait UIInterfaceOrientationPortraitUpsideDown UIInterfaceOrientationLandscapeLeft UIInterfaceOrientationLandscapeRight";
				INFOPLIST_KEY_UISupportedInterfaceOrientations_iPhone = "UIInterfaceOrientationPortrait UIInterfaceOrientationLandscapeLeft UIInterfaceOrientationLandscapeRight";
				LD_RUNPATH_SEARCH_PATHS = (
					"$(inherited)",
					"@executable_path/Frameworks",
				);
				MARKETING_VERSION = 1.0;
				PRODUCT_BUNDLE_IDENTIFIER = "jamadorh91-gmail.com.AppFitnexUsingSwiftUI";
				PRODUCT_NAME = "$(TARGET_NAME)";
				SWIFT_EMIT_LOC_STRINGS = YES;
				SWIFT_VERSION = 5.0;
				TARGETED_DEVICE_FAMILY = "1,2";
			};
			name = Release;
		};
/* End XCBuildConfiguration section */

/* Begin XCConfigurationList section */
		B417DABB2A8860A500A05C95 /* Build configuration list for PBXProject "AppFitnexUsingSwiftUI" */ = {
			isa = XCConfigurationList;
			buildConfigurations = (
				B417DACC2A8860A600A05C95 /* Debug */,
				B417DACD2A8860A600A05C95 /* Release */,
			);
			defaultConfigurationIsVisible = 0;
			defaultConfigurationName = Release;
		};
		B417DACE2A8860A600A05C95 /* Build configuration list for PBXNativeTarget "AppFitnexUsingSwiftUI" */ = {
			isa = XCConfigurationList;
			buildConfigurations = (
				B417DACF2A8860A600A05C95 /* Debug */,
				B417DAD02A8860A600A05C95 /* Release */,
			);
			defaultConfigurationIsVisible = 0;
			defaultConfigurationName = Release;
		};
/* End XCConfigurationList section */
	};
	rootObject = B417DAB82A8860A500A05C95 /* Project object */;
}
